// !$*UTF8*$!
{
	archiveVersion = 1;
	classes = {
	};
	objectVersion = 46;
	objects = {

/* Begin PBXBuildFile section */
		54073BCF17F16D6C0092F741 /* FBUserSettingsViewResources.bundle in Resources */ = {isa = PBXBuildFile; fileRef = 54073BCE17F16D6C0092F741 /* FBUserSettingsViewResources.bundle */; };
		54073BD317F174BF0092F741 /* fb-login.png in Resources */ = {isa = PBXBuildFile; fileRef = 54073BD217F174BF0092F741 /* fb-login.png */; };
		54073DE717F182E40092F741 /* FacebookSDK.framework in Frameworks */ = {isa = PBXBuildFile; fileRef = 54073DE617F182E40092F741 /* FacebookSDK.framework */; };
		542EF61E1818229D00C43336 /* pin.png in Resources */ = {isa = PBXBuildFile; fileRef = 542EF61D1818229D00C43336 /* pin.png */; };
		5453BF2417DD91D600B811BC /* VCRoot.m in Sources */ = {isa = PBXBuildFile; fileRef = 5453BF2317DD91D600B811BC /* VCRoot.m */; };
		5453BF2A17DD922800B811BC /* JASidePanelController.m in Sources */ = {isa = PBXBuildFile; fileRef = 5453BF2717DD922800B811BC /* JASidePanelController.m */; };
		5453BF2B17DD922800B811BC /* UIViewController+JASidePanel.m in Sources */ = {isa = PBXBuildFile; fileRef = 5453BF2917DD922800B811BC /* UIViewController+JASidePanel.m */; };
		5453BF2D17DD927100B811BC /* QuartzCore.framework in Frameworks */ = {isa = PBXBuildFile; fileRef = 5453BF2C17DD927100B811BC /* QuartzCore.framework */; };
		5453C10117DE08C000B811BC /* GoogleMaps.framework in Frameworks */ = {isa = PBXBuildFile; fileRef = 5453C10017DE08C000B811BC /* GoogleMaps.framework */; };
		5453C10317DE093800B811BC /* GoogleMaps.bundle in Resources */ = {isa = PBXBuildFile; fileRef = 5453C10217DE093800B811BC /* GoogleMaps.bundle */; };
		5453C10517DE097100B811BC /* AVFoundation.framework in Frameworks */ = {isa = PBXBuildFile; fileRef = 5453C10417DE097000B811BC /* AVFoundation.framework */; };
		5453C10717DE097800B811BC /* CoreData.framework in Frameworks */ = {isa = PBXBuildFile; fileRef = 5453C10617DE097800B811BC /* CoreData.framework */; };
		5453C10917DE098200B811BC /* CoreLocation.framework in Frameworks */ = {isa = PBXBuildFile; fileRef = 5453C10817DE098200B811BC /* CoreLocation.framework */; };
		5453C10B17DE098B00B811BC /* CoreText.framework in Frameworks */ = {isa = PBXBuildFile; fileRef = 5453C10A17DE098B00B811BC /* CoreText.framework */; };
		5453C10D17DE099500B811BC /* GLKit.framework in Frameworks */ = {isa = PBXBuildFile; fileRef = 5453C10C17DE099500B811BC /* GLKit.framework */; };
		5453C10F17DE099C00B811BC /* ImageIO.framework in Frameworks */ = {isa = PBXBuildFile; fileRef = 5453C10E17DE099C00B811BC /* ImageIO.framework */; };
		5453C11117DE09A800B811BC /* libc++.dylib in Frameworks */ = {isa = PBXBuildFile; fileRef = 5453C11017DE09A800B811BC /* libc++.dylib */; };
		5453C11317DE09B600B811BC /* libicucore.dylib in Frameworks */ = {isa = PBXBuildFile; fileRef = 5453C11217DE09B600B811BC /* libicucore.dylib */; };
		5453C11517DE09C600B811BC /* OpenGLES.framework in Frameworks */ = {isa = PBXBuildFile; fileRef = 5453C11417DE09C600B811BC /* OpenGLES.framework */; };
		5453C11717DE09D400B811BC /* SystemConfiguration.framework in Frameworks */ = {isa = PBXBuildFile; fileRef = 5453C11617DE09D300B811BC /* SystemConfiguration.framework */; };
		5453C11917DE12BF00B811BC /* libstdc++.dylib in Frameworks */ = {isa = PBXBuildFile; fileRef = 5453C11817DE12BF00B811BC /* libstdc++.dylib */; };
		5453C11D17DE19E200B811BC /* libz.dylib in Frameworks */ = {isa = PBXBuildFile; fileRef = 5453C11C17DE19E200B811BC /* libz.dylib */; };
		54A40313180AD20900491BEB /* DYRateView.m in Sources */ = {isa = PBXBuildFile; fileRef = 54A40312180AD20900491BEB /* DYRateView.m */; };
		54A4031C180AD9EA00491BEB /* StarEmpty.png in Resources */ = {isa = PBXBuildFile; fileRef = 54A40314180AD9E900491BEB /* StarEmpty.png */; };
		54A4031D180AD9EA00491BEB /* StarEmpty@2x.png in Resources */ = {isa = PBXBuildFile; fileRef = 54A40315180AD9E900491BEB /* StarEmpty@2x.png */; };
		54A4031E180AD9EA00491BEB /* StarEmptyLarge.png in Resources */ = {isa = PBXBuildFile; fileRef = 54A40316180AD9E900491BEB /* StarEmptyLarge.png */; };
		54A4031F180AD9EA00491BEB /* StarEmptyLarge@2x.png in Resources */ = {isa = PBXBuildFile; fileRef = 54A40317180AD9E900491BEB /* StarEmptyLarge@2x.png */; };
		54A40320180AD9EA00491BEB /* StarFull.png in Resources */ = {isa = PBXBuildFile; fileRef = 54A40318180AD9EA00491BEB /* StarFull.png */; };
		54A40321180AD9EA00491BEB /* StarFull@2x.png in Resources */ = {isa = PBXBuildFile; fileRef = 54A40319180AD9EA00491BEB /* StarFull@2x.png */; };
		54A40322180AD9EA00491BEB /* StarFullLarge.png in Resources */ = {isa = PBXBuildFile; fileRef = 54A4031A180AD9EA00491BEB /* StarFullLarge.png */; };
		54A40323180AD9EA00491BEB /* StarFullLarge@2x.png in Resources */ = {isa = PBXBuildFile; fileRef = 54A4031B180AD9EA00491BEB /* StarFullLarge@2x.png */; };
		54C2080317CD714B006E1A44 /* UIKit.framework in Frameworks */ = {isa = PBXBuildFile; fileRef = 54C2080217CD714B006E1A44 /* UIKit.framework */; };
		54C2080517CD714B006E1A44 /* Foundation.framework in Frameworks */ = {isa = PBXBuildFile; fileRef = 54C2080417CD714B006E1A44 /* Foundation.framework */; };
		54C2080717CD714B006E1A44 /* CoreGraphics.framework in Frameworks */ = {isa = PBXBuildFile; fileRef = 54C2080617CD714B006E1A44 /* CoreGraphics.framework */; };
		54C2080D17CD714B006E1A44 /* InfoPlist.strings in Resources */ = {isa = PBXBuildFile; fileRef = 54C2080B17CD714B006E1A44 /* InfoPlist.strings */; };
		54C2080F17CD714B006E1A44 /* main.m in Sources */ = {isa = PBXBuildFile; fileRef = 54C2080E17CD714B006E1A44 /* main.m */; };
		54C2081317CD714B006E1A44 /* AppDelegate.m in Sources */ = {isa = PBXBuildFile; fileRef = 54C2081217CD714B006E1A44 /* AppDelegate.m */; };
		54C2081517CD714B006E1A44 /* Default.png in Resources */ = {isa = PBXBuildFile; fileRef = 54C2081417CD714B006E1A44 /* Default.png */; };
		54C2081717CD714B006E1A44 /* Default@2x.png in Resources */ = {isa = PBXBuildFile; fileRef = 54C2081617CD714B006E1A44 /* Default@2x.png */; };
		54C2081917CD714B006E1A44 /* Default-568h@2x.png in Resources */ = {isa = PBXBuildFile; fileRef = 54C2081817CD714B006E1A44 /* Default-568h@2x.png */; };
		54C2082117CD714B006E1A44 /* SenTestingKit.framework in Frameworks */ = {isa = PBXBuildFile; fileRef = 54C2082017CD714B006E1A44 /* SenTestingKit.framework */; };
		54C2082217CD714B006E1A44 /* UIKit.framework in Frameworks */ = {isa = PBXBuildFile; fileRef = 54C2080217CD714B006E1A44 /* UIKit.framework */; };
		54C2082317CD714B006E1A44 /* Foundation.framework in Frameworks */ = {isa = PBXBuildFile; fileRef = 54C2080417CD714B006E1A44 /* Foundation.framework */; };
		54C2082B17CD714B006E1A44 /* InfoPlist.strings in Resources */ = {isa = PBXBuildFile; fileRef = 54C2082917CD714B006E1A44 /* InfoPlist.strings */; };
		54C2082E17CD714B006E1A44 /* PlanBTests.m in Sources */ = {isa = PBXBuildFile; fileRef = 54C2082D17CD714B006E1A44 /* PlanBTests.m */; };
		54C2083817CD71B7006E1A44 /* Storyboard.storyboard in Resources */ = {isa = PBXBuildFile; fileRef = 54C2083717CD71B7006E1A44 /* Storyboard.storyboard */; };
		54C2083C17CD83A2006E1A44 /* VCTest.m in Sources */ = {isa = PBXBuildFile; fileRef = 54C2083B17CD83A2006E1A44 /* VCTest.m */; };
		54C4C11C17F35509006BEAED /* google-login.png in Resources */ = {isa = PBXBuildFile; fileRef = 54C4C11B17F35509006BEAED /* google-login.png */; };
		54C4C11E17FDA477006BEAED /* GooglePlus.framework in Frameworks */ = {isa = PBXBuildFile; fileRef = 54C4C11D17FDA477006BEAED /* GooglePlus.framework */; };
		54C4C12017FDA4C7006BEAED /* GoogleOpenSource.framework in Frameworks */ = {isa = PBXBuildFile; fileRef = 54C4C11F17FDA4C7006BEAED /* GoogleOpenSource.framework */; };
		54C4C12217FDA5A7006BEAED /* Security.framework in Frameworks */ = {isa = PBXBuildFile; fileRef = 54C4C12117FDA5A7006BEAED /* Security.framework */; };
		54C4C12518001030006BEAED /* Util.m in Sources */ = {isa = PBXBuildFile; fileRef = 54C4C12418001030006BEAED /* Util.m */; };
		54CA2A8217F08C4600F1DC5F /* VCProfile.m in Sources */ = {isa = PBXBuildFile; fileRef = 54CA2A8117F08C4600F1DC5F /* VCProfile.m */; };
		54CA2A8817F1610A00F1DC5F /* UIDefaultTextField.m in Sources */ = {isa = PBXBuildFile; fileRef = 54CA2A8717F1610A00F1DC5F /* UIDefaultTextField.m */; };
		54D7DC141802292400A40618 /* VCGoodsList.m in Sources */ = {isa = PBXBuildFile; fileRef = 54D7DC131802292400A40618 /* VCGoodsList.m */; };
		54D7DC17180462D300A40618 /* VariableStore.m in Sources */ = {isa = PBXBuildFile; fileRef = 54D7DC16180462D300A40618 /* VariableStore.m */; };
		54DEFE9717E4A5DF008776E1 /* GPS.gpx in Resources */ = {isa = PBXBuildFile; fileRef = 54DEFE9617E4A5DF008776E1 /* GPS.gpx */; };
		54DEFE9A17E772A2008776E1 /* VCCenter.m in Sources */ = {isa = PBXBuildFile; fileRef = 54DEFE9917E772A1008776E1 /* VCCenter.m */; };
		54DEFE9D17E772E4008776E1 /* VCList.m in Sources */ = {isa = PBXBuildFile; fileRef = 54DEFE9C17E772E4008776E1 /* VCList.m */; };
		54E6898A17EADEE700CD732E /* VCDetail.m in Sources */ = {isa = PBXBuildFile; fileRef = 54E6898917EADEE700CD732E /* VCDetail.m */; };
		54E6898D17EAEAA800CD732E /* UIPlaceButton.m in Sources */ = {isa = PBXBuildFile; fileRef = 54E6898C17EAEAA800CD732E /* UIPlaceButton.m */; };
/* End PBXBuildFile section */

/* Begin PBXContainerItemProxy section */
		54C2082417CD714B006E1A44 /* PBXContainerItemProxy */ = {
			isa = PBXContainerItemProxy;
			containerPortal = 54C207F717CD714B006E1A44 /* Project object */;
			proxyType = 1;
			remoteGlobalIDString = 54C207FE17CD714B006E1A44;
			remoteInfo = PlanB;
		};
/* End PBXContainerItemProxy section */

/* Begin PBXFileReference section */
		54073BCE17F16D6C0092F741 /* FBUserSettingsViewResources.bundle */ = {isa = PBXFileReference; lastKnownFileType = "wrapper.plug-in"; name = FBUserSettingsViewResources.bundle; path = ../Framework/FacebookSDK.framework/Versions/A/Resources/FBUserSettingsViewResources.bundle; sourceTree = "<group>"; };
		54073BD217F174BF0092F741 /* fb-login.png */ = {isa = PBXFileReference; lastKnownFileType = image.png; name = "fb-login.png"; path = "resource/images/fb-login.png"; sourceTree = "<group>"; };
		54073DE617F182E40092F741 /* FacebookSDK.framework */ = {isa = PBXFileReference; lastKnownFileType = wrapper.framework; name = FacebookSDK.framework; path = ../Framework/FacebookSDK.framework; sourceTree = "<group>"; };
		542EF61D1818229D00C43336 /* pin.png */ = {isa = PBXFileReference; lastKnownFileType = image.png; path = pin.png; sourceTree = "<group>"; };
		5453BF2217DD91D600B811BC /* VCRoot.h */ = {isa = PBXFileReference; fileEncoding = 4; lastKnownFileType = sourcecode.c.h; path = VCRoot.h; sourceTree = "<group>"; };
		5453BF2317DD91D600B811BC /* VCRoot.m */ = {isa = PBXFileReference; fileEncoding = 4; lastKnownFileType = sourcecode.c.objc; path = VCRoot.m; sourceTree = "<group>"; };
		5453BF2617DD922800B811BC /* JASidePanelController.h */ = {isa = PBXFileReference; fileEncoding = 4; lastKnownFileType = sourcecode.c.h; path = JASidePanelController.h; sourceTree = "<group>"; };
		5453BF2717DD922800B811BC /* JASidePanelController.m */ = {isa = PBXFileReference; fileEncoding = 4; lastKnownFileType = sourcecode.c.objc; path = JASidePanelController.m; sourceTree = "<group>"; };
		5453BF2817DD922800B811BC /* UIViewController+JASidePanel.h */ = {isa = PBXFileReference; fileEncoding = 4; lastKnownFileType = sourcecode.c.h; path = "UIViewController+JASidePanel.h"; sourceTree = "<group>"; };
		5453BF2917DD922800B811BC /* UIViewController+JASidePanel.m */ = {isa = PBXFileReference; fileEncoding = 4; lastKnownFileType = sourcecode.c.objc; path = "UIViewController+JASidePanel.m"; sourceTree = "<group>"; };
		5453BF2C17DD927100B811BC /* QuartzCore.framework */ = {isa = PBXFileReference; lastKnownFileType = wrapper.framework; name = QuartzCore.framework; path = System/Library/Frameworks/QuartzCore.framework; sourceTree = SDKROOT; };
		5453C10017DE08C000B811BC /* GoogleMaps.framework */ = {isa = PBXFileReference; lastKnownFileType = wrapper.framework; name = GoogleMaps.framework; path = ../Framework/GoogleMaps.framework; sourceTree = "<group>"; };
		5453C10217DE093800B811BC /* GoogleMaps.bundle */ = {isa = PBXFileReference; lastKnownFileType = "wrapper.plug-in"; name = GoogleMaps.bundle; path = ../Framework/GoogleMaps.framework/Versions/A/Resources/GoogleMaps.bundle; sourceTree = "<group>"; };
		5453C10417DE097000B811BC /* AVFoundation.framework */ = {isa = PBXFileReference; lastKnownFileType = wrapper.framework; name = AVFoundation.framework; path = System/Library/Frameworks/AVFoundation.framework; sourceTree = SDKROOT; };
		5453C10617DE097800B811BC /* CoreData.framework */ = {isa = PBXFileReference; lastKnownFileType = wrapper.framework; name = CoreData.framework; path = System/Library/Frameworks/CoreData.framework; sourceTree = SDKROOT; };
		5453C10817DE098200B811BC /* CoreLocation.framework */ = {isa = PBXFileReference; lastKnownFileType = wrapper.framework; name = CoreLocation.framework; path = System/Library/Frameworks/CoreLocation.framework; sourceTree = SDKROOT; };
		5453C10A17DE098B00B811BC /* CoreText.framework */ = {isa = PBXFileReference; lastKnownFileType = wrapper.framework; name = CoreText.framework; path = System/Library/Frameworks/CoreText.framework; sourceTree = SDKROOT; };
		5453C10C17DE099500B811BC /* GLKit.framework */ = {isa = PBXFileReference; lastKnownFileType = wrapper.framework; name = GLKit.framework; path = System/Library/Frameworks/GLKit.framework; sourceTree = SDKROOT; };
		5453C10E17DE099C00B811BC /* ImageIO.framework */ = {isa = PBXFileReference; lastKnownFileType = wrapper.framework; name = ImageIO.framework; path = System/Library/Frameworks/ImageIO.framework; sourceTree = SDKROOT; };
		5453C11017DE09A800B811BC /* libc++.dylib */ = {isa = PBXFileReference; lastKnownFileType = "compiled.mach-o.dylib"; name = "libc++.dylib"; path = "usr/lib/libc++.dylib"; sourceTree = SDKROOT; };
		5453C11217DE09B600B811BC /* libicucore.dylib */ = {isa = PBXFileReference; lastKnownFileType = "compiled.mach-o.dylib"; name = libicucore.dylib; path = usr/lib/libicucore.dylib; sourceTree = SDKROOT; };
		5453C11417DE09C600B811BC /* OpenGLES.framework */ = {isa = PBXFileReference; lastKnownFileType = wrapper.framework; name = OpenGLES.framework; path = System/Library/Frameworks/OpenGLES.framework; sourceTree = SDKROOT; };
		5453C11617DE09D300B811BC /* SystemConfiguration.framework */ = {isa = PBXFileReference; lastKnownFileType = wrapper.framework; name = SystemConfiguration.framework; path = System/Library/Frameworks/SystemConfiguration.framework; sourceTree = SDKROOT; };
		5453C11817DE12BF00B811BC /* libstdc++.dylib */ = {isa = PBXFileReference; lastKnownFileType = "compiled.mach-o.dylib"; name = "libstdc++.dylib"; path = "usr/lib/libstdc++.dylib"; sourceTree = SDKROOT; };
		5453C11A17DE19D700B811BC /* crt1.o */ = {isa = PBXFileReference; lastKnownFileType = "compiled.mach-o.objfile"; name = crt1.o; path = usr/lib/crt1.o; sourceTree = SDKROOT; };
		5453C11C17DE19E200B811BC /* libz.dylib */ = {isa = PBXFileReference; lastKnownFileType = "compiled.mach-o.dylib"; name = libz.dylib; path = usr/lib/libz.dylib; sourceTree = SDKROOT; };
		54A40311180AD20900491BEB /* DYRateView.h */ = {isa = PBXFileReference; fileEncoding = 4; lastKnownFileType = sourcecode.c.h; path = DYRateView.h; sourceTree = "<group>"; };
		54A40312180AD20900491BEB /* DYRateView.m */ = {isa = PBXFileReference; fileEncoding = 4; lastKnownFileType = sourcecode.c.objc; path = DYRateView.m; sourceTree = "<group>"; };
		54A40314180AD9E900491BEB /* StarEmpty.png */ = {isa = PBXFileReference; lastKnownFileType = image.png; path = StarEmpty.png; sourceTree = "<group>"; };
		54A40315180AD9E900491BEB /* StarEmpty@2x.png */ = {isa = PBXFileReference; lastKnownFileType = image.png; path = "StarEmpty@2x.png"; sourceTree = "<group>"; };
		54A40316180AD9E900491BEB /* StarEmptyLarge.png */ = {isa = PBXFileReference; lastKnownFileType = image.png; path = StarEmptyLarge.png; sourceTree = "<group>"; };
		54A40317180AD9E900491BEB /* StarEmptyLarge@2x.png */ = {isa = PBXFileReference; lastKnownFileType = image.png; path = "StarEmptyLarge@2x.png"; sourceTree = "<group>"; };
		54A40318180AD9EA00491BEB /* StarFull.png */ = {isa = PBXFileReference; lastKnownFileType = image.png; path = StarFull.png; sourceTree = "<group>"; };
		54A40319180AD9EA00491BEB /* StarFull@2x.png */ = {isa = PBXFileReference; lastKnownFileType = image.png; path = "StarFull@2x.png"; sourceTree = "<group>"; };
		54A4031A180AD9EA00491BEB /* StarFullLarge.png */ = {isa = PBXFileReference; lastKnownFileType = image.png; path = StarFullLarge.png; sourceTree = "<group>"; };
		54A4031B180AD9EA00491BEB /* StarFullLarge@2x.png */ = {isa = PBXFileReference; lastKnownFileType = image.png; path = "StarFullLarge@2x.png"; sourceTree = "<group>"; };
		54C207FF17CD714B006E1A44 /* planb.app */ = {isa = PBXFileReference; explicitFileType = wrapper.application; includeInIndex = 0; path = planb.app; sourceTree = BUILT_PRODUCTS_DIR; };
		54C2080217CD714B006E1A44 /* UIKit.framework */ = {isa = PBXFileReference; lastKnownFileType = wrapper.framework; name = UIKit.framework; path = System/Library/Frameworks/UIKit.framework; sourceTree = SDKROOT; };
		54C2080417CD714B006E1A44 /* Foundation.framework */ = {isa = PBXFileReference; lastKnownFileType = wrapper.framework; name = Foundation.framework; path = System/Library/Frameworks/Foundation.framework; sourceTree = SDKROOT; };
		54C2080617CD714B006E1A44 /* CoreGraphics.framework */ = {isa = PBXFileReference; lastKnownFileType = wrapper.framework; name = CoreGraphics.framework; path = System/Library/Frameworks/CoreGraphics.framework; sourceTree = SDKROOT; };
		54C2080A17CD714B006E1A44 /* PlanB-Info.plist */ = {isa = PBXFileReference; lastKnownFileType = text.plist.xml; path = "PlanB-Info.plist"; sourceTree = "<group>"; };
		54C2080C17CD714B006E1A44 /* en */ = {isa = PBXFileReference; lastKnownFileType = text.plist.strings; name = en; path = en.lproj/InfoPlist.strings; sourceTree = "<group>"; };
		54C2080E17CD714B006E1A44 /* main.m */ = {isa = PBXFileReference; lastKnownFileType = sourcecode.c.objc; path = main.m; sourceTree = "<group>"; };
		54C2081017CD714B006E1A44 /* PlanB-Prefix.pch */ = {isa = PBXFileReference; lastKnownFileType = sourcecode.c.h; path = "PlanB-Prefix.pch"; sourceTree = "<group>"; };
		54C2081117CD714B006E1A44 /* AppDelegate.h */ = {isa = PBXFileReference; lastKnownFileType = sourcecode.c.h; path = AppDelegate.h; sourceTree = "<group>"; };
		54C2081217CD714B006E1A44 /* AppDelegate.m */ = {isa = PBXFileReference; lastKnownFileType = sourcecode.c.objc; path = AppDelegate.m; sourceTree = "<group>"; };
		54C2081417CD714B006E1A44 /* Default.png */ = {isa = PBXFileReference; lastKnownFileType = image.png; path = Default.png; sourceTree = "<group>"; };
		54C2081617CD714B006E1A44 /* Default@2x.png */ = {isa = PBXFileReference; lastKnownFileType = image.png; path = "Default@2x.png"; sourceTree = "<group>"; };
		54C2081817CD714B006E1A44 /* Default-568h@2x.png */ = {isa = PBXFileReference; lastKnownFileType = image.png; path = "Default-568h@2x.png"; sourceTree = "<group>"; };
		54C2081F17CD714B006E1A44 /* PlanBTests.octest */ = {isa = PBXFileReference; explicitFileType = wrapper.cfbundle; includeInIndex = 0; path = PlanBTests.octest; sourceTree = BUILT_PRODUCTS_DIR; };
		54C2082017CD714B006E1A44 /* SenTestingKit.framework */ = {isa = PBXFileReference; lastKnownFileType = wrapper.framework; name = SenTestingKit.framework; path = Library/Frameworks/SenTestingKit.framework; sourceTree = DEVELOPER_DIR; };
		54C2082817CD714B006E1A44 /* PlanBTests-Info.plist */ = {isa = PBXFileReference; lastKnownFileType = text.plist.xml; path = "PlanBTests-Info.plist"; sourceTree = "<group>"; };
		54C2082A17CD714B006E1A44 /* en */ = {isa = PBXFileReference; lastKnownFileType = text.plist.strings; name = en; path = en.lproj/InfoPlist.strings; sourceTree = "<group>"; };
		54C2082C17CD714B006E1A44 /* PlanBTests.h */ = {isa = PBXFileReference; lastKnownFileType = sourcecode.c.h; path = PlanBTests.h; sourceTree = "<group>"; };
		54C2082D17CD714B006E1A44 /* PlanBTests.m */ = {isa = PBXFileReference; lastKnownFileType = sourcecode.c.objc; path = PlanBTests.m; sourceTree = "<group>"; };
		54C2083717CD71B7006E1A44 /* Storyboard.storyboard */ = {isa = PBXFileReference; fileEncoding = 4; lastKnownFileType = file.storyboard; path = Storyboard.storyboard; sourceTree = "<group>"; };
		54C2083A17CD83A2006E1A44 /* VCTest.h */ = {isa = PBXFileReference; fileEncoding = 4; lastKnownFileType = sourcecode.c.h; path = VCTest.h; sourceTree = "<group>"; };
		54C2083B17CD83A2006E1A44 /* VCTest.m */ = {isa = PBXFileReference; fileEncoding = 4; lastKnownFileType = sourcecode.c.objc; path = VCTest.m; sourceTree = "<group>"; };
		54C4C11B17F35509006BEAED /* google-login.png */ = {isa = PBXFileReference; lastKnownFileType = image.png; name = "google-login.png"; path = "resource/images/google-login.png"; sourceTree = "<group>"; };
		54C4C11D17FDA477006BEAED /* GooglePlus.framework */ = {isa = PBXFileReference; lastKnownFileType = wrapper.framework; name = GooglePlus.framework; path = ../Framework/GooglePlus.framework; sourceTree = "<group>"; };
		54C4C11F17FDA4C7006BEAED /* GoogleOpenSource.framework */ = {isa = PBXFileReference; lastKnownFileType = wrapper.framework; name = GoogleOpenSource.framework; path = ../Framework/GoogleOpenSource.framework; sourceTree = "<group>"; };
		54C4C12117FDA5A7006BEAED /* Security.framework */ = {isa = PBXFileReference; lastKnownFileType = wrapper.framework; name = Security.framework; path = System/Library/Frameworks/Security.framework; sourceTree = SDKROOT; };
		54C4C12318001030006BEAED /* Util.h */ = {isa = PBXFileReference; fileEncoding = 4; lastKnownFileType = sourcecode.c.h; path = Util.h; sourceTree = "<group>"; };
		54C4C12418001030006BEAED /* Util.m */ = {isa = PBXFileReference; fileEncoding = 4; lastKnownFileType = sourcecode.c.objc; path = Util.m; sourceTree = "<group>"; };
		54CA2A8017F08C4600F1DC5F /* VCProfile.h */ = {isa = PBXFileReference; fileEncoding = 4; lastKnownFileType = sourcecode.c.h; path = VCProfile.h; sourceTree = "<group>"; };
		54CA2A8117F08C4600F1DC5F /* VCProfile.m */ = {isa = PBXFileReference; fileEncoding = 4; lastKnownFileType = sourcecode.c.objc; path = VCProfile.m; sourceTree = "<group>"; };
		54CA2A8617F1610A00F1DC5F /* UIDefaultTextField.h */ = {isa = PBXFileReference; fileEncoding = 4; lastKnownFileType = sourcecode.c.h; path = UIDefaultTextField.h; sourceTree = "<group>"; };
		54CA2A8717F1610A00F1DC5F /* UIDefaultTextField.m */ = {isa = PBXFileReference; fileEncoding = 4; lastKnownFileType = sourcecode.c.objc; path = UIDefaultTextField.m; sourceTree = "<group>"; };
		54D7DC121802292400A40618 /* VCGoodsList.h */ = {isa = PBXFileReference; fileEncoding = 4; lastKnownFileType = sourcecode.c.h; path = VCGoodsList.h; sourceTree = "<group>"; };
		54D7DC131802292400A40618 /* VCGoodsList.m */ = {isa = PBXFileReference; fileEncoding = 4; lastKnownFileType = sourcecode.c.objc; path = VCGoodsList.m; sourceTree = "<group>"; };
		54D7DC15180462D300A40618 /* VariableStore.h */ = {isa = PBXFileReference; fileEncoding = 4; lastKnownFileType = sourcecode.c.h; path = VariableStore.h; sourceTree = "<group>"; };
		54D7DC16180462D300A40618 /* VariableStore.m */ = {isa = PBXFileReference; fileEncoding = 4; lastKnownFileType = sourcecode.c.objc; path = VariableStore.m; sourceTree = "<group>"; };
		54DEFE9617E4A5DF008776E1 /* GPS.gpx */ = {isa = PBXFileReference; fileEncoding = 4; lastKnownFileType = text.xml; path = GPS.gpx; sourceTree = "<group>"; };
		54DEFE9817E772A1008776E1 /* VCCenter.h */ = {isa = PBXFileReference; fileEncoding = 4; lastKnownFileType = sourcecode.c.h; path = VCCenter.h; sourceTree = "<group>"; };
		54DEFE9917E772A1008776E1 /* VCCenter.m */ = {isa = PBXFileReference; fileEncoding = 4; lastKnownFileType = sourcecode.c.objc; path = VCCenter.m; sourceTree = "<group>"; };
		54DEFE9B17E772E3008776E1 /* VCList.h */ = {isa = PBXFileReference; fileEncoding = 4; lastKnownFileType = sourcecode.c.h; path = VCList.h; sourceTree = "<group>"; };
		54DEFE9C17E772E4008776E1 /* VCList.m */ = {isa = PBXFileReference; fileEncoding = 4; lastKnownFileType = sourcecode.c.objc; path = VCList.m; sourceTree = "<group>"; };
		54E6898817EADEE700CD732E /* VCDetail.h */ = {isa = PBXFileReference; fileEncoding = 4; lastKnownFileType = sourcecode.c.h; path = VCDetail.h; sourceTree = "<group>"; };
		54E6898917EADEE700CD732E /* VCDetail.m */ = {isa = PBXFileReference; fileEncoding = 4; lastKnownFileType = sourcecode.c.objc; path = VCDetail.m; sourceTree = "<group>"; };
		54E6898B17EAEAA800CD732E /* UIPlaceButton.h */ = {isa = PBXFileReference; fileEncoding = 4; lastKnownFileType = sourcecode.c.h; path = UIPlaceButton.h; sourceTree = "<group>"; };
		54E6898C17EAEAA800CD732E /* UIPlaceButton.m */ = {isa = PBXFileReference; fileEncoding = 4; lastKnownFileType = sourcecode.c.objc; path = UIPlaceButton.m; sourceTree = "<group>"; };
/* End PBXFileReference section */

/* Begin PBXFrameworksBuildPhase section */
		54C207FC17CD714B006E1A44 /* Frameworks */ = {
			isa = PBXFrameworksBuildPhase;
			buildActionMask = 2147483647;
			files = (
				54C2080517CD714B006E1A44 /* Foundation.framework in Frameworks */,
				54C4C12217FDA5A7006BEAED /* Security.framework in Frameworks */,
				54C4C12017FDA4C7006BEAED /* GoogleOpenSource.framework in Frameworks */,
				54C4C11E17FDA477006BEAED /* GooglePlus.framework in Frameworks */,
				54073DE717F182E40092F741 /* FacebookSDK.framework in Frameworks */,
				5453C11D17DE19E200B811BC /* libz.dylib in Frameworks */,
				5453C11917DE12BF00B811BC /* libstdc++.dylib in Frameworks */,
				5453C11717DE09D400B811BC /* SystemConfiguration.framework in Frameworks */,
				5453BF2D17DD927100B811BC /* QuartzCore.framework in Frameworks */,
				5453C11517DE09C600B811BC /* OpenGLES.framework in Frameworks */,
				5453C11317DE09B600B811BC /* libicucore.dylib in Frameworks */,
				5453C11117DE09A800B811BC /* libc++.dylib in Frameworks */,
				5453C10F17DE099C00B811BC /* ImageIO.framework in Frameworks */,
				5453C10D17DE099500B811BC /* GLKit.framework in Frameworks */,
				5453C10B17DE098B00B811BC /* CoreText.framework in Frameworks */,
				5453C10917DE098200B811BC /* CoreLocation.framework in Frameworks */,
				5453C10717DE097800B811BC /* CoreData.framework in Frameworks */,
				5453C10517DE097100B811BC /* AVFoundation.framework in Frameworks */,
				54C2080317CD714B006E1A44 /* UIKit.framework in Frameworks */,
				54C2080717CD714B006E1A44 /* CoreGraphics.framework in Frameworks */,
				5453C10117DE08C000B811BC /* GoogleMaps.framework in Frameworks */,
			);
			runOnlyForDeploymentPostprocessing = 0;
		};
		54C2081B17CD714B006E1A44 /* Frameworks */ = {
			isa = PBXFrameworksBuildPhase;
			buildActionMask = 2147483647;
			files = (
				54C2082117CD714B006E1A44 /* SenTestingKit.framework in Frameworks */,
				54C2082217CD714B006E1A44 /* UIKit.framework in Frameworks */,
				54C2082317CD714B006E1A44 /* Foundation.framework in Frameworks */,
			);
			runOnlyForDeploymentPostprocessing = 0;
		};
/* End PBXFrameworksBuildPhase section */

/* Begin PBXGroup section */
		54073BD017F174BE0092F741 /* rec */ = {
			isa = PBXGroup;
			children = (
				54073BD117F174BF0092F741 /* img */,
			);
			name = rec;
			path = resource;
			sourceTree = "<group>";
		};
		54073BD117F174BF0092F741 /* img */ = {
			isa = PBXGroup;
			children = (
				542EF61D1818229D00C43336 /* pin.png */,
				54A40314180AD9E900491BEB /* StarEmpty.png */,
				54A40315180AD9E900491BEB /* StarEmpty@2x.png */,
				54A40316180AD9E900491BEB /* StarEmptyLarge.png */,
				54A40317180AD9E900491BEB /* StarEmptyLarge@2x.png */,
				54A40318180AD9EA00491BEB /* StarFull.png */,
				54A40319180AD9EA00491BEB /* StarFull@2x.png */,
				54A4031A180AD9EA00491BEB /* StarFullLarge.png */,
				54A4031B180AD9EA00491BEB /* StarFullLarge@2x.png */,
			);
			name = img;
			path = images;
			sourceTree = "<group>";
		};
		5453BF2517DD922800B811BC /* src */ = {
			isa = PBXGroup;
			children = (
				54A40311180AD20900491BEB /* DYRateView.h */,
				54A40312180AD20900491BEB /* DYRateView.m */,
				54DEFE9617E4A5DF008776E1 /* GPS.gpx */,
				5453BF2617DD922800B811BC /* JASidePanelController.h */,
				5453BF2717DD922800B811BC /* JASidePanelController.m */,
				5453BF2817DD922800B811BC /* UIViewController+JASidePanel.h */,
				5453BF2917DD922800B811BC /* UIViewController+JASidePanel.m */,
				54E6898B17EAEAA800CD732E /* UIPlaceButton.h */,
				54E6898C17EAEAA800CD732E /* UIPlaceButton.m */,
				54CA2A8617F1610A00F1DC5F /* UIDefaultTextField.h */,
				54CA2A8717F1610A00F1DC5F /* UIDefaultTextField.m */,
				54C4C12318001030006BEAED /* Util.h */,
				54C4C12418001030006BEAED /* Util.m */,
				54D7DC121802292400A40618 /* VCGoodsList.h */,
				54D7DC131802292400A40618 /* VCGoodsList.m */,
				54D7DC15180462D300A40618 /* VariableStore.h */,
				54D7DC16180462D300A40618 /* VariableStore.m */,
			);
			name = src;
			path = source;
			sourceTree = "<group>";
		};
		54C207F617CD714B006E1A44 = {
			isa = PBXGroup;
			children = (
				5453C11A17DE19D700B811BC /* crt1.o */,
				54C2080817CD714B006E1A44 /* Soda */,
				54C2082617CD714B006E1A44 /* PlanBTests */,
				54C2080117CD714B006E1A44 /* Frameworks */,
				54C2080017CD714B006E1A44 /* Products */,
			);
			sourceTree = "<group>";
		};
		54C2080017CD714B006E1A44 /* Products */ = {
			isa = PBXGroup;
			children = (
				54C207FF17CD714B006E1A44 /* planb.app */,
				54C2081F17CD714B006E1A44 /* PlanBTests.octest */,
			);
			name = Products;
			sourceTree = "<group>";
		};
		54C2080117CD714B006E1A44 /* Frameworks */ = {
			isa = PBXGroup;
			children = (
				54C4C12117FDA5A7006BEAED /* Security.framework */,
				54C4C11F17FDA4C7006BEAED /* GoogleOpenSource.framework */,
				54C4C11D17FDA477006BEAED /* GooglePlus.framework */,
				54073DE617F182E40092F741 /* FacebookSDK.framework */,
				54073BCE17F16D6C0092F741 /* FBUserSettingsViewResources.bundle */,
				5453C11C17DE19E200B811BC /* libz.dylib */,
				5453C11817DE12BF00B811BC /* libstdc++.dylib */,
				5453C11617DE09D300B811BC /* SystemConfiguration.framework */,
				5453C11417DE09C600B811BC /* OpenGLES.framework */,
				5453C11217DE09B600B811BC /* libicucore.dylib */,
				5453C11017DE09A800B811BC /* libc++.dylib */,
				5453C10E17DE099C00B811BC /* ImageIO.framework */,
				5453C10C17DE099500B811BC /* GLKit.framework */,
				5453C10A17DE098B00B811BC /* CoreText.framework */,
				5453C10817DE098200B811BC /* CoreLocation.framework */,
				5453C10617DE097800B811BC /* CoreData.framework */,
				5453C10417DE097000B811BC /* AVFoundation.framework */,
				5453C10217DE093800B811BC /* GoogleMaps.bundle */,
				5453C10017DE08C000B811BC /* GoogleMaps.framework */,
				5453BF2C17DD927100B811BC /* QuartzCore.framework */,
				54C2080217CD714B006E1A44 /* UIKit.framework */,
				54C2080417CD714B006E1A44 /* Foundation.framework */,
				54C2080617CD714B006E1A44 /* CoreGraphics.framework */,
				54C2082017CD714B006E1A44 /* SenTestingKit.framework */,
			);
			name = Frameworks;
			sourceTree = "<group>";
		};
		54C2080817CD714B006E1A44 /* Soda */ = {
			isa = PBXGroup;
			children = (
				54C4C11B17F35509006BEAED /* google-login.png */,
				54073BD217F174BF0092F741 /* fb-login.png */,
				54073BD017F174BE0092F741 /* rec */,
				5453BF2517DD922800B811BC /* src */,
				54C2081117CD714B006E1A44 /* AppDelegate.h */,
				54C2081217CD714B006E1A44 /* AppDelegate.m */,
				54C2080917CD714B006E1A44 /* Supporting Files */,
				54C2083717CD71B7006E1A44 /* Storyboard.storyboard */,
				54C2083A17CD83A2006E1A44 /* VCTest.h */,
				54C2083B17CD83A2006E1A44 /* VCTest.m */,
				5453BF2217DD91D600B811BC /* VCRoot.h */,
				5453BF2317DD91D600B811BC /* VCRoot.m */,
				54DEFE9817E772A1008776E1 /* VCCenter.h */,
				54DEFE9917E772A1008776E1 /* VCCenter.m */,
				54DEFE9B17E772E3008776E1 /* VCList.h */,
				54DEFE9C17E772E4008776E1 /* VCList.m */,
				54E6898817EADEE700CD732E /* VCDetail.h */,
				54E6898917EADEE700CD732E /* VCDetail.m */,
				54CA2A8017F08C4600F1DC5F /* VCProfile.h */,
				54CA2A8117F08C4600F1DC5F /* VCProfile.m */,
			);
			name = Soda;
			path = PlanB;
			sourceTree = "<group>";
		};
		54C2080917CD714B006E1A44 /* Supporting Files */ = {
			isa = PBXGroup;
			children = (
				54C2080A17CD714B006E1A44 /* PlanB-Info.plist */,
				54C2080B17CD714B006E1A44 /* InfoPlist.strings */,
				54C2080E17CD714B006E1A44 /* main.m */,
				54C2081017CD714B006E1A44 /* PlanB-Prefix.pch */,
				54C2081417CD714B006E1A44 /* Default.png */,
				54C2081617CD714B006E1A44 /* Default@2x.png */,
				54C2081817CD714B006E1A44 /* Default-568h@2x.png */,
			);
			name = "Supporting Files";
			sourceTree = "<group>";
		};
		54C2082617CD714B006E1A44 /* PlanBTests */ = {
			isa = PBXGroup;
			children = (
				54C2082C17CD714B006E1A44 /* PlanBTests.h */,
				54C2082D17CD714B006E1A44 /* PlanBTests.m */,
				54C2082717CD714B006E1A44 /* Supporting Files */,
			);
			path = PlanBTests;
			sourceTree = "<group>";
		};
		54C2082717CD714B006E1A44 /* Supporting Files */ = {
			isa = PBXGroup;
			children = (
				54C2082817CD714B006E1A44 /* PlanBTests-Info.plist */,
				54C2082917CD714B006E1A44 /* InfoPlist.strings */,
			);
			name = "Supporting Files";
			sourceTree = "<group>";
		};
/* End PBXGroup section */

/* Begin PBXNativeTarget section */
		54C207FE17CD714B006E1A44 /* PlanB */ = {
			isa = PBXNativeTarget;
			buildConfigurationList = 54C2083117CD714B006E1A44 /* Build configuration list for PBXNativeTarget "PlanB" */;
			buildPhases = (
				54C207FB17CD714B006E1A44 /* Sources */,
				54C207FC17CD714B006E1A44 /* Frameworks */,
				54C207FD17CD714B006E1A44 /* Resources */,
			);
			buildRules = (
			);
			dependencies = (
			);
			name = PlanB;
			productName = PlanB;
			productReference = 54C207FF17CD714B006E1A44 /* planb.app */;
			productType = "com.apple.product-type.application";
		};
		54C2081E17CD714B006E1A44 /* PlanBTests */ = {
			isa = PBXNativeTarget;
			buildConfigurationList = 54C2083417CD714B006E1A44 /* Build configuration list for PBXNativeTarget "PlanBTests" */;
			buildPhases = (
				54C2081A17CD714B006E1A44 /* Sources */,
				54C2081B17CD714B006E1A44 /* Frameworks */,
				54C2081C17CD714B006E1A44 /* Resources */,
				54C2081D17CD714B006E1A44 /* ShellScript */,
			);
			buildRules = (
			);
			dependencies = (
				54C2082517CD714B006E1A44 /* PBXTargetDependency */,
			);
			name = PlanBTests;
			productName = PlanBTests;
			productReference = 54C2081F17CD714B006E1A44 /* PlanBTests.octest */;
			productType = "com.apple.product-type.bundle";
		};
/* End PBXNativeTarget section */

/* Begin PBXProject section */
		54C207F717CD714B006E1A44 /* Project object */ = {
			isa = PBXProject;
			attributes = {
				LastUpgradeCheck = 0460;
				ORGANIZATIONNAME = "Po-Hsiang Hunag";
				TargetAttributes = {
					54C207FE17CD714B006E1A44 = {
						DevelopmentTeam = WFDMZHCR6C;
					};
					54C2081E17CD714B006E1A44 = {
						TestTargetID = 54C207FE17CD714B006E1A44;
					};
				};
			};
			buildConfigurationList = 54C207FA17CD714B006E1A44 /* Build configuration list for PBXProject "PlanB" */;
			compatibilityVersion = "Xcode 3.2";
			developmentRegion = English;
			hasScannedForEncodings = 0;
			knownRegions = (
				en,
			);
			mainGroup = 54C207F617CD714B006E1A44;
			productRefGroup = 54C2080017CD714B006E1A44 /* Products */;
			projectDirPath = "";
			projectRoot = "";
			targets = (
				54C207FE17CD714B006E1A44 /* PlanB */,
				54C2081E17CD714B006E1A44 /* PlanBTests */,
			);
		};
/* End PBXProject section */

/* Begin PBXResourcesBuildPhase section */
		54C207FD17CD714B006E1A44 /* Resources */ = {
			isa = PBXResourcesBuildPhase;
			buildActionMask = 2147483647;
			files = (
				542EF61E1818229D00C43336 /* pin.png in Resources */,
				54A4031C180AD9EA00491BEB /* StarEmpty.png in Resources */,
				54C2080D17CD714B006E1A44 /* InfoPlist.strings in Resources */,
				54A4031D180AD9EA00491BEB /* StarEmpty@2x.png in Resources */,
				54C2081517CD714B006E1A44 /* Default.png in Resources */,
				54C2081717CD714B006E1A44 /* Default@2x.png in Resources */,
				54A4031E180AD9EA00491BEB /* StarEmptyLarge.png in Resources */,
				54C2081917CD714B006E1A44 /* Default-568h@2x.png in Resources */,
				54C2083817CD71B7006E1A44 /* Storyboard.storyboard in Resources */,
				54A4031F180AD9EA00491BEB /* StarEmptyLarge@2x.png in Resources */,
				54A40321180AD9EA00491BEB /* StarFull@2x.png in Resources */,
				5453C10317DE093800B811BC /* GoogleMaps.bundle in Resources */,
				54A40323180AD9EA00491BEB /* StarFullLarge@2x.png in Resources */,
				54A40322180AD9EA00491BEB /* StarFullLarge.png in Resources */,
				54DEFE9717E4A5DF008776E1 /* GPS.gpx in Resources */,
				54073BCF17F16D6C0092F741 /* FBUserSettingsViewResources.bundle in Resources */,
				54073BD317F174BF0092F741 /* fb-login.png in Resources */,
				54C4C11C17F35509006BEAED /* google-login.png in Resources */,
				54A40320180AD9EA00491BEB /* StarFull.png in Resources */,
			);
			runOnlyForDeploymentPostprocessing = 0;
		};
		54C2081C17CD714B006E1A44 /* Resources */ = {
			isa = PBXResourcesBuildPhase;
			buildActionMask = 2147483647;
			files = (
				54C2082B17CD714B006E1A44 /* InfoPlist.strings in Resources */,
			);
			runOnlyForDeploymentPostprocessing = 0;
		};
/* End PBXResourcesBuildPhase section */

/* Begin PBXShellScriptBuildPhase section */
		54C2081D17CD714B006E1A44 /* ShellScript */ = {
			isa = PBXShellScriptBuildPhase;
			buildActionMask = 2147483647;
			files = (
			);
			inputPaths = (
			);
			outputPaths = (
			);
			runOnlyForDeploymentPostprocessing = 0;
			shellPath = /bin/sh;
			shellScript = "# Run the unit tests in this test bundle.\n\"${SYSTEM_DEVELOPER_DIR}/Tools/RunUnitTests\"\n";
		};
/* End PBXShellScriptBuildPhase section */

/* Begin PBXSourcesBuildPhase section */
		54C207FB17CD714B006E1A44 /* Sources */ = {
			isa = PBXSourcesBuildPhase;
			buildActionMask = 2147483647;
			files = (
				54C2080F17CD714B006E1A44 /* main.m in Sources */,
				54C2081317CD714B006E1A44 /* AppDelegate.m in Sources */,
				54C2083C17CD83A2006E1A44 /* VCTest.m in Sources */,
				5453BF2417DD91D600B811BC /* VCRoot.m in Sources */,
				5453BF2A17DD922800B811BC /* JASidePanelController.m in Sources */,
				5453BF2B17DD922800B811BC /* UIViewController+JASidePanel.m in Sources */,
				54DEFE9A17E772A2008776E1 /* VCCenter.m in Sources */,
				54DEFE9D17E772E4008776E1 /* VCList.m in Sources */,
				54D7DC17180462D300A40618 /* VariableStore.m in Sources */,
				54E6898A17EADEE700CD732E /* VCDetail.m in Sources */,
				54E6898D17EAEAA800CD732E /* UIPlaceButton.m in Sources */,
				54A40313180AD20900491BEB /* DYRateView.m in Sources */,
				54CA2A8217F08C4600F1DC5F /* VCProfile.m in Sources */,
				54D7DC141802292400A40618 /* VCGoodsList.m in Sources */,
				54CA2A8817F1610A00F1DC5F /* UIDefaultTextField.m in Sources */,
				54C4C12518001030006BEAED /* Util.m in Sources */,
			);
			runOnlyForDeploymentPostprocessing = 0;
		};
		54C2081A17CD714B006E1A44 /* Sources */ = {
			isa = PBXSourcesBuildPhase;
			buildActionMask = 2147483647;
			files = (
				54C2082E17CD714B006E1A44 /* PlanBTests.m in Sources */,
			);
			runOnlyForDeploymentPostprocessing = 0;
		};
/* End PBXSourcesBuildPhase section */

/* Begin PBXTargetDependency section */
		54C2082517CD714B006E1A44 /* PBXTargetDependency */ = {
			isa = PBXTargetDependency;
			target = 54C207FE17CD714B006E1A44 /* PlanB */;
			targetProxy = 54C2082417CD714B006E1A44 /* PBXContainerItemProxy */;
		};
/* End PBXTargetDependency section */

/* Begin PBXVariantGroup section */
		54C2080B17CD714B006E1A44 /* InfoPlist.strings */ = {
			isa = PBXVariantGroup;
			children = (
				54C2080C17CD714B006E1A44 /* en */,
			);
			name = InfoPlist.strings;
			sourceTree = "<group>";
		};
		54C2082917CD714B006E1A44 /* InfoPlist.strings */ = {
			isa = PBXVariantGroup;
			children = (
				54C2082A17CD714B006E1A44 /* en */,
			);
			name = InfoPlist.strings;
			sourceTree = "<group>";
		};
/* End PBXVariantGroup section */

/* Begin XCBuildConfiguration section */
		54C2082F17CD714B006E1A44 /* Debug */ = {
			isa = XCBuildConfiguration;
			buildSettings = {
				ALWAYS_SEARCH_USER_PATHS = NO;
				ARCHS = armv7;
				CLANG_CXX_LANGUAGE_STANDARD = "gnu++0x";
				CLANG_CXX_LIBRARY = "libc++";
				CLANG_ENABLE_OBJC_ARC = YES;
				CLANG_WARN_CONSTANT_CONVERSION = "$(CLANG_WARN_SUSPICIOUS_IMPLICIT_CONVERSION)";
				CLANG_WARN_EMPTY_BODY = YES;
				CLANG_WARN_ENUM_CONVERSION = "$(CLANG_WARN_SUSPICIOUS_IMPLICIT_CONVERSION)";
				CLANG_WARN_INT_CONVERSION = "$(CLANG_WARN_SUSPICIOUS_IMPLICIT_CONVERSION)";
				CLANG_WARN__DUPLICATE_METHOD_MATCH = YES;
				"CODE_SIGN_IDENTITY[sdk=iphoneos*]" = "iPhone Developer";
				COPY_PHASE_STRIP = NO;
				GCC_C_LANGUAGE_STANDARD = gnu99;
				GCC_DYNAMIC_NO_PIC = NO;
				GCC_OPTIMIZATION_LEVEL = 0;
				GCC_PREPROCESSOR_DEFINITIONS = (
					"DEBUG=1",
					"$(inherited)",
				);
				GCC_SYMBOLS_PRIVATE_EXTERN = NO;
				GCC_WARN_ABOUT_RETURN_TYPE = YES;
				GCC_WARN_UNINITIALIZED_AUTOS = YES;
				GCC_WARN_UNUSED_VARIABLE = YES;
				IPHONEOS_DEPLOYMENT_TARGET = 6.0;
				ONLY_ACTIVE_ARCH = YES;
				OTHER_LDFLAGS = "";
				SDKROOT = iphoneos;
				TARGETED_DEVICE_FAMILY = "1,2";
			};
			name = Debug;
		};
		54C2083017CD714B006E1A44 /* Release */ = {
			isa = XCBuildConfiguration;
			buildSettings = {
				ALWAYS_SEARCH_USER_PATHS = NO;
				ARCHS = armv7;
				CLANG_CXX_LANGUAGE_STANDARD = "gnu++0x";
				CLANG_CXX_LIBRARY = "libc++";
				CLANG_ENABLE_OBJC_ARC = YES;
				CLANG_WARN_CONSTANT_CONVERSION = "$(CLANG_WARN_SUSPICIOUS_IMPLICIT_CONVERSION)";
				CLANG_WARN_EMPTY_BODY = YES;
				CLANG_WARN_ENUM_CONVERSION = "$(CLANG_WARN_SUSPICIOUS_IMPLICIT_CONVERSION)";
				CLANG_WARN_INT_CONVERSION = "$(CLANG_WARN_SUSPICIOUS_IMPLICIT_CONVERSION)";
				CLANG_WARN__DUPLICATE_METHOD_MATCH = YES;
				"CODE_SIGN_IDENTITY[sdk=iphoneos*]" = "iPhone Developer";
				COPY_PHASE_STRIP = YES;
				GCC_C_LANGUAGE_STANDARD = gnu99;
				GCC_WARN_ABOUT_RETURN_TYPE = YES;
				GCC_WARN_UNINITIALIZED_AUTOS = YES;
				GCC_WARN_UNUSED_VARIABLE = YES;
				IPHONEOS_DEPLOYMENT_TARGET = 6.0;
				ONLY_ACTIVE_ARCH = NO;
				OTHER_CFLAGS = "-DNS_BLOCK_ASSERTIONS=1";
				OTHER_LDFLAGS = "";
				SDKROOT = iphoneos;
				TARGETED_DEVICE_FAMILY = "1,2";
				VALIDATE_PRODUCT = YES;
			};
			name = Release;
		};
		54C2083217CD714B006E1A44 /* Debug */ = {
			isa = XCBuildConfiguration;
			buildSettings = {
				ARCHS = armv7;
				CODE_SIGN_IDENTITY = "iPhone Developer";
				"CODE_SIGN_IDENTITY[sdk=iphoneos*]" = "iPhone Developer";
				FRAMEWORK_SEARCH_PATHS = (
					"$(inherited)",
					"\"$(SRCROOT)/../Framework\"",
				);
				GCC_PRECOMPILE_PREFIX_HEADER = YES;
				GCC_PREFIX_HEADER = "PlanB/PlanB-Prefix.pch";
				INFOPLIST_FILE = "PlanB/PlanB-Info.plist";
				IPHONEOS_DEPLOYMENT_TARGET = 6.0;
				ONLY_ACTIVE_ARCH = YES;
				OTHER_LDFLAGS = (
					"-ObjC",
					"-all_load",
				);
				PRODUCT_NAME = planb;
				PROVISIONING_PROFILE = "";
				SEPARATE_STRIP = NO;
				TARGETED_DEVICE_FAMILY = 1;
				WRAPPER_EXTENSION = app;
			};
			name = Debug;
		};
		54C2083317CD714B006E1A44 /* Release */ = {
			isa = XCBuildConfiguration;
			buildSettings = {
				ARCHS = armv7;
				CODE_SIGN_IDENTITY = "iPhone Developer";
				"CODE_SIGN_IDENTITY[sdk=iphoneos*]" = "iPhone Developer";
				FRAMEWORK_SEARCH_PATHS = (
					"$(inherited)",
					"\"$(SRCROOT)/../Framework\"",
				);
				GCC_PRECOMPILE_PREFIX_HEADER = YES;
				GCC_PREFIX_HEADER = "PlanB/PlanB-Prefix.pch";
				INFOPLIST_FILE = "PlanB/PlanB-Info.plist";
				IPHONEOS_DEPLOYMENT_TARGET = 6.0;
				ONLY_ACTIVE_ARCH = NO;
				OTHER_LDFLAGS = (
					"-ObjC",
					"-all_load",
				);
				PRODUCT_NAME = planb;
				PROVISIONING_PROFILE = "";
				SEPARATE_STRIP = NO;
				TARGETED_DEVICE_FAMILY = 1;
				WRAPPER_EXTENSION = app;
			};
			name = Release;
		};
		54C2083517CD714B006E1A44 /* Debug */ = {
			isa = XCBuildConfiguration;
			buildSettings = {
				BUNDLE_LOADER = "$(BUILT_PRODUCTS_DIR)/planb.app/planb";
				FRAMEWORK_SEARCH_PATHS = (
					"\"$(SDKROOT)/Developer/Library/Frameworks\"",
					"\"$(DEVELOPER_LIBRARY_DIR)/Frameworks\"",
				);
				GCC_PRECOMPILE_PREFIX_HEADER = YES;
				GCC_PREFIX_HEADER = "PlanB/PlanB-Prefix.pch";
				INFOPLIST_FILE = "PlanBTests/PlanBTests-Info.plist";
				OTHER_LDFLAGS = "";
				PRODUCT_NAME = "$(TARGET_NAME)";
				TEST_HOST = "$(BUNDLE_LOADER)";
				WRAPPER_EXTENSION = octest;
			};
			name = Debug;
		};
		54C2083617CD714B006E1A44 /* Release */ = {
			isa = XCBuildConfiguration;
			buildSettings = {
				BUNDLE_LOADER = "$(BUILT_PRODUCTS_DIR)/planb.app/planb";
				FRAMEWORK_SEARCH_PATHS = (
					"\"$(SDKROOT)/Developer/Library/Frameworks\"",
					"\"$(DEVELOPER_LIBRARY_DIR)/Frameworks\"",
				);
				GCC_PRECOMPILE_PREFIX_HEADER = YES;
				GCC_PREFIX_HEADER = "PlanB/PlanB-Prefix.pch";
				INFOPLIST_FILE = "PlanBTests/PlanBTests-Info.plist";
				OTHER_LDFLAGS = "";
				PRODUCT_NAME = "$(TARGET_NAME)";
				TEST_HOST = "$(BUNDLE_LOADER)";
				WRAPPER_EXTENSION = octest;
			};
			name = Release;
		};
/* End XCBuildConfiguration section */

/* Begin XCConfigurationList section */
		54C207FA17CD714B006E1A44 /* Build configuration list for PBXProject "PlanB" */ = {
			isa = XCConfigurationList;
			buildConfigurations = (
				54C2082F17CD714B006E1A44 /* Debug */,
				54C2083017CD714B006E1A44 /* Release */,
			);
			defaultConfigurationIsVisible = 0;
			defaultConfigurationName = Release;
		};
		54C2083117CD714B006E1A44 /* Build configuration list for PBXNativeTarget "PlanB" */ = {
			isa = XCConfigurationList;
			buildConfigurations = (
				54C2083217CD714B006E1A44 /* Debug */,
				54C2083317CD714B006E1A44 /* Release */,
			);
			defaultConfigurationIsVisible = 0;
			defaultConfigurationName = Release;
		};
		54C2083417CD714B006E1A44 /* Build configuration list for PBXNativeTarget "PlanBTests" */ = {
			isa = XCConfigurationList;
			buildConfigurations = (
				54C2083517CD714B006E1A44 /* Debug */,
				54C2083617CD714B006E1A44 /* Release */,
			);
			defaultConfigurationIsVisible = 0;
			defaultConfigurationName = Release;
		};
/* End XCConfigurationList section */
	};
	rootObject = 54C207F717CD714B006E1A44 /* Project object */;
}
