// !$*UTF8*$!
{
	archiveVersion = 1;
	classes = {
	};
	objectVersion = 46;
	objects = {

/* Begin PBXBuildFile section */
		54073BCF17F16D6C0092F741 /* FBUserSettingsViewResources.bundle in Resources */ = {isa = PBXBuildFile; fileRef = 54073BCE17F16D6C0092F741 /* FBUserSettingsViewResources.bundle */; };
		54073DE717F182E40092F741 /* FacebookSDK.framework in Frameworks */ = {isa = PBXBuildFile; fileRef = 54073DE617F182E40092F741 /* FacebookSDK.framework */; };
		5423730B1822A7E900A8C656 /* Images.xcassets in Resources */ = {isa = PBXBuildFile; fileRef = 5423730A1822A7E900A8C656 /* Images.xcassets */; };
		542373531824BCC000A8C656 /* Util.m in Sources */ = {isa = PBXBuildFile; fileRef = 542373331824BCC000A8C656 /* Util.m */; };
		542373541824BCC000A8C656 /* VariableStore.m in Sources */ = {isa = PBXBuildFile; fileRef = 542373351824BCC000A8C656 /* VariableStore.m */; };
		542373551824BCC000A8C656 /* UIDefaultTextField.m in Sources */ = {isa = PBXBuildFile; fileRef = 542373381824BCC000A8C656 /* UIDefaultTextField.m */; };
		542373561824BCC000A8C656 /* UIPlaceButton.m in Sources */ = {isa = PBXBuildFile; fileRef = 5423733A1824BCC000A8C656 /* UIPlaceButton.m */; };
		542373571824BCC000A8C656 /* VCCenter.m in Sources */ = {isa = PBXBuildFile; fileRef = 5423733C1824BCC000A8C656 /* VCCenter.m */; };
		542373581824BCC000A8C656 /* VCDetail.m in Sources */ = {isa = PBXBuildFile; fileRef = 5423733E1824BCC000A8C656 /* VCDetail.m */; };
		542373591824BCC000A8C656 /* VCGoodsList.m in Sources */ = {isa = PBXBuildFile; fileRef = 542373401824BCC000A8C656 /* VCGoodsList.m */; };
		5423735A1824BCC000A8C656 /* VCList.m in Sources */ = {isa = PBXBuildFile; fileRef = 542373421824BCC000A8C656 /* VCList.m */; };
		5423735B1824BCC000A8C656 /* VCProfile.m in Sources */ = {isa = PBXBuildFile; fileRef = 542373441824BCC000A8C656 /* VCProfile.m */; };
		5423735C1824BCC000A8C656 /* VCRoot.m in Sources */ = {isa = PBXBuildFile; fileRef = 542373461824BCC000A8C656 /* VCRoot.m */; };
		5423735D1824BCC000A8C656 /* VCMap.m in Sources */ = {isa = PBXBuildFile; fileRef = 542373481824BCC000A8C656 /* VCMap.m */; };
		5423735E1824BCC000A8C656 /* GPS.gpx in Resources */ = {isa = PBXBuildFile; fileRef = 542373491824BCC000A8C656 /* GPS.gpx */; };
		5423735F1824BCC000A8C656 /* DYRateView.m in Sources */ = {isa = PBXBuildFile; fileRef = 5423734D1824BCC000A8C656 /* DYRateView.m */; };
		542373601824BCC000A8C656 /* JASidePanelController.m in Sources */ = {isa = PBXBuildFile; fileRef = 542373501824BCC000A8C656 /* JASidePanelController.m */; };
		542373611824BCC000A8C656 /* UIViewController+JASidePanel.m in Sources */ = {isa = PBXBuildFile; fileRef = 542373521824BCC000A8C656 /* UIViewController+JASidePanel.m */; };
		542373701824BCCD00A8C656 /* fb-login.png in Resources */ = {isa = PBXBuildFile; fileRef = 542373641824BCCD00A8C656 /* fb-login.png */; };
		542373711824BCCD00A8C656 /* google-login.png in Resources */ = {isa = PBXBuildFile; fileRef = 542373651824BCCD00A8C656 /* google-login.png */; };
		542373721824BCCD00A8C656 /* pin.png in Resources */ = {isa = PBXBuildFile; fileRef = 542373661824BCCD00A8C656 /* pin.png */; };
		542373731824BCCD00A8C656 /* soda.png in Resources */ = {isa = PBXBuildFile; fileRef = 542373671824BCCD00A8C656 /* soda.png */; };
		542373741824BCCD00A8C656 /* StarEmpty.png in Resources */ = {isa = PBXBuildFile; fileRef = 542373681824BCCD00A8C656 /* StarEmpty.png */; };
		542373751824BCCD00A8C656 /* StarEmpty@2x.png in Resources */ = {isa = PBXBuildFile; fileRef = 542373691824BCCD00A8C656 /* StarEmpty@2x.png */; };
		542373761824BCCD00A8C656 /* StarEmptyLarge.png in Resources */ = {isa = PBXBuildFile; fileRef = 5423736A1824BCCD00A8C656 /* StarEmptyLarge.png */; };
		542373771824BCCD00A8C656 /* StarEmptyLarge@2x.png in Resources */ = {isa = PBXBuildFile; fileRef = 5423736B1824BCCD00A8C656 /* StarEmptyLarge@2x.png */; };
		542373781824BCCD00A8C656 /* StarFull.png in Resources */ = {isa = PBXBuildFile; fileRef = 5423736C1824BCCD00A8C656 /* StarFull.png */; };
		542373791824BCCD00A8C656 /* StarFull@2x.png in Resources */ = {isa = PBXBuildFile; fileRef = 5423736D1824BCCD00A8C656 /* StarFull@2x.png */; };
		5423737A1824BCCD00A8C656 /* StarFullLarge.png in Resources */ = {isa = PBXBuildFile; fileRef = 5423736E1824BCCD00A8C656 /* StarFullLarge.png */; };
		5423737B1824BCCD00A8C656 /* StarFullLarge@2x.png in Resources */ = {isa = PBXBuildFile; fileRef = 5423736F1824BCCD00A8C656 /* StarFullLarge@2x.png */; };
		5423737E1824BD0600A8C656 /* PopupView.m in Sources */ = {isa = PBXBuildFile; fileRef = 5423737D1824BD0600A8C656 /* PopupView.m */; };
		542373841826338E00A8C656 /* AsyncImgView.m in Sources */ = {isa = PBXBuildFile; fileRef = 542373831826338E00A8C656 /* AsyncImgView.m */; };
		54265E7B1862F68B0083D413 /* Nav-btn.png in Resources */ = {isa = PBXBuildFile; fileRef = 54265E781862F68B0083D413 /* Nav-btn.png */; };
		54265E7C1862F68B0083D413 /* pre-btn.png in Resources */ = {isa = PBXBuildFile; fileRef = 54265E791862F68B0083D413 /* pre-btn.png */; };
		54265E7D1862F68B0083D413 /* next-btn.png in Resources */ = {isa = PBXBuildFile; fileRef = 54265E7A1862F68B0083D413 /* next-btn.png */; };
		54265E821863206E0083D413 /* GoogleMaps.framework in Frameworks */ = {isa = PBXBuildFile; fileRef = 54265E811863206E0083D413 /* GoogleMaps.framework */; };
		54265E84186321160083D413 /* GoogleMaps.bundle in Resources */ = {isa = PBXBuildFile; fileRef = 54265E83186321160083D413 /* GoogleMaps.bundle */; };
		5453BF2D17DD927100B811BC /* QuartzCore.framework in Frameworks */ = {isa = PBXBuildFile; fileRef = 5453BF2C17DD927100B811BC /* QuartzCore.framework */; };
		5453C10517DE097100B811BC /* AVFoundation.framework in Frameworks */ = {isa = PBXBuildFile; fileRef = 5453C10417DE097000B811BC /* AVFoundation.framework */; };
		5453C10717DE097800B811BC /* CoreData.framework in Frameworks */ = {isa = PBXBuildFile; fileRef = 5453C10617DE097800B811BC /* CoreData.framework */; };
		5453C10917DE098200B811BC /* CoreLocation.framework in Frameworks */ = {isa = PBXBuildFile; fileRef = 5453C10817DE098200B811BC /* CoreLocation.framework */; };
		5453C10B17DE098B00B811BC /* CoreText.framework in Frameworks */ = {isa = PBXBuildFile; fileRef = 5453C10A17DE098B00B811BC /* CoreText.framework */; };
		5453C10D17DE099500B811BC /* GLKit.framework in Frameworks */ = {isa = PBXBuildFile; fileRef = 5453C10C17DE099500B811BC /* GLKit.framework */; };
		5453C10F17DE099C00B811BC /* ImageIO.framework in Frameworks */ = {isa = PBXBuildFile; fileRef = 5453C10E17DE099C00B811BC /* ImageIO.framework */; };
		5453C11317DE09B600B811BC /* libicucore.dylib in Frameworks */ = {isa = PBXBuildFile; fileRef = 5453C11217DE09B600B811BC /* libicucore.dylib */; };
		5453C11517DE09C600B811BC /* OpenGLES.framework in Frameworks */ = {isa = PBXBuildFile; fileRef = 5453C11417DE09C600B811BC /* OpenGLES.framework */; };
		5453C11717DE09D400B811BC /* SystemConfiguration.framework in Frameworks */ = {isa = PBXBuildFile; fileRef = 5453C11617DE09D300B811BC /* SystemConfiguration.framework */; };
		5453C11D17DE19E200B811BC /* libz.dylib in Frameworks */ = {isa = PBXBuildFile; fileRef = 5453C11C17DE19E200B811BC /* libz.dylib */; };
		546E0B071831A8B400E8815D /* UIPlaceItemButton.m in Sources */ = {isa = PBXBuildFile; fileRef = 546E0B061831A8B400E8815D /* UIPlaceItemButton.m */; };
		546E0B091832F88400E8815D /* icon-search.jpg in Resources */ = {isa = PBXBuildFile; fileRef = 546E0B081832F88400E8815D /* icon-search.jpg */; };
		546E0B0B1832F8D200E8815D /* icon-rest.jpg in Resources */ = {isa = PBXBuildFile; fileRef = 546E0B0A1832F8D200E8815D /* icon-rest.jpg */; };
		547F9662182FC7800065B51E /* SingleStartView.m in Sources */ = {isa = PBXBuildFile; fileRef = 547F9661182FC7800065B51E /* SingleStartView.m */; };
		5484FA2F1833B9D40057510D /* PlaceCategoryButton.m in Sources */ = {isa = PBXBuildFile; fileRef = 5484FA2E1833B9D40057510D /* PlaceCategoryButton.m */; };
		5484FA361833BCF60057510D /* cate-atm.png in Resources */ = {isa = PBXBuildFile; fileRef = 5484FA301833BCF60057510D /* cate-atm.png */; };
		5484FA371833BCF60057510D /* cate-attraction.png in Resources */ = {isa = PBXBuildFile; fileRef = 5484FA311833BCF60057510D /* cate-attraction.png */; };
		5484FA381833BCF60057510D /* cate-cafe.png in Resources */ = {isa = PBXBuildFile; fileRef = 5484FA321833BCF60057510D /* cate-cafe.png */; };
		5484FA391833BCF60057510D /* cate-hotel.png in Resources */ = {isa = PBXBuildFile; fileRef = 5484FA331833BCF60057510D /* cate-hotel.png */; };
		5484FA3A1833BCF60057510D /* cate-rest.png in Resources */ = {isa = PBXBuildFile; fileRef = 5484FA341833BCF60057510D /* cate-rest.png */; };
		5484FA3B1833BCF60057510D /* cate-search.png in Resources */ = {isa = PBXBuildFile; fileRef = 5484FA351833BCF60057510D /* cate-search.png */; };
		5484FA3F183E08860057510D /* loading.gif in Resources */ = {isa = PBXBuildFile; fileRef = 5484FA3E183E08860057510D /* loading.gif */; };
		5484FA45183E38340057510D /* arrow.png in Resources */ = {isa = PBXBuildFile; fileRef = 5484FA44183E38340057510D /* arrow.png */; };
		5484FA4B183E599B0057510D /* AnimatedGif.m in Sources */ = {isa = PBXBuildFile; fileRef = 5484FA4A183E599B0057510D /* AnimatedGif.m */; };
		5484FA4C183FA0840057510D /* libc++.dylib in Frameworks */ = {isa = PBXBuildFile; fileRef = 5453C11017DE09A800B811BC /* libc++.dylib */; };
		5484FA4F183FB9210057510D /* UIScrollPlaceListView.m in Sources */ = {isa = PBXBuildFile; fileRef = 5484FA4E183FB9210057510D /* UIScrollPlaceListView.m */; };
		5484FA52184129810057510D /* UIAsyncLabel.m in Sources */ = {isa = PBXBuildFile; fileRef = 5484FA51184129810057510D /* UIAsyncLabel.m */; };
		5484FA5B1844D9520057510D /* tourist-attraction-gray-640x320.png in Resources */ = {isa = PBXBuildFile; fileRef = 5484FA561844D9520057510D /* tourist-attraction-gray-640x320.png */; };
		5484FA5C1844D9520057510D /* restaurants-gray-640x320.png in Resources */ = {isa = PBXBuildFile; fileRef = 5484FA571844D9520057510D /* restaurants-gray-640x320.png */; };
		5484FA5D1844D9520057510D /* hotel-gray-640x320.png in Resources */ = {isa = PBXBuildFile; fileRef = 5484FA581844D9520057510D /* hotel-gray-640x320.png */; };
		5484FA5E1844D9520057510D /* coffee-gray-640x320.png in Resources */ = {isa = PBXBuildFile; fileRef = 5484FA591844D9520057510D /* coffee-gray-640x320.png */; };
		5484FA5F1844D9520057510D /* atm-gray-640x320.png in Resources */ = {isa = PBXBuildFile; fileRef = 5484FA5A1844D9520057510D /* atm-gray-640x320.png */; };
		54C2080317CD714B006E1A44 /* UIKit.framework in Frameworks */ = {isa = PBXBuildFile; fileRef = 54C2080217CD714B006E1A44 /* UIKit.framework */; };
		54C2080517CD714B006E1A44 /* Foundation.framework in Frameworks */ = {isa = PBXBuildFile; fileRef = 54C2080417CD714B006E1A44 /* Foundation.framework */; };
		54C2080717CD714B006E1A44 /* CoreGraphics.framework in Frameworks */ = {isa = PBXBuildFile; fileRef = 54C2080617CD714B006E1A44 /* CoreGraphics.framework */; };
		54C2080D17CD714B006E1A44 /* InfoPlist.strings in Resources */ = {isa = PBXBuildFile; fileRef = 54C2080B17CD714B006E1A44 /* InfoPlist.strings */; };
		54C2080F17CD714B006E1A44 /* main.m in Sources */ = {isa = PBXBuildFile; fileRef = 54C2080E17CD714B006E1A44 /* main.m */; };
		54C2081317CD714B006E1A44 /* AppDelegate.m in Sources */ = {isa = PBXBuildFile; fileRef = 54C2081217CD714B006E1A44 /* AppDelegate.m */; };
		54C2081517CD714B006E1A44 /* Default.png in Resources */ = {isa = PBXBuildFile; fileRef = 54C2081417CD714B006E1A44 /* Default.png */; };
		54C2081717CD714B006E1A44 /* Default@2x.png in Resources */ = {isa = PBXBuildFile; fileRef = 54C2081617CD714B006E1A44 /* Default@2x.png */; };
		54C2081917CD714B006E1A44 /* Default-568h@2x.png in Resources */ = {isa = PBXBuildFile; fileRef = 54C2081817CD714B006E1A44 /* Default-568h@2x.png */; };
		54C2082117CD714B006E1A44 /* SenTestingKit.framework in Frameworks */ = {isa = PBXBuildFile; fileRef = 54C2082017CD714B006E1A44 /* SenTestingKit.framework */; };
		54C2082217CD714B006E1A44 /* UIKit.framework in Frameworks */ = {isa = PBXBuildFile; fileRef = 54C2080217CD714B006E1A44 /* UIKit.framework */; };
		54C2082317CD714B006E1A44 /* Foundation.framework in Frameworks */ = {isa = PBXBuildFile; fileRef = 54C2080417CD714B006E1A44 /* Foundation.framework */; };
		54C2082B17CD714B006E1A44 /* InfoPlist.strings in Resources */ = {isa = PBXBuildFile; fileRef = 54C2082917CD714B006E1A44 /* InfoPlist.strings */; };
		54C2082E17CD714B006E1A44 /* PlanBTests.m in Sources */ = {isa = PBXBuildFile; fileRef = 54C2082D17CD714B006E1A44 /* PlanBTests.m */; };
		54C2083817CD71B7006E1A44 /* Storyboard.storyboard in Resources */ = {isa = PBXBuildFile; fileRef = 54C2083717CD71B7006E1A44 /* Storyboard.storyboard */; };
		54C4C11E17FDA477006BEAED /* GooglePlus.framework in Frameworks */ = {isa = PBXBuildFile; fileRef = 54C4C11D17FDA477006BEAED /* GooglePlus.framework */; };
		54C4C12017FDA4C7006BEAED /* GoogleOpenSource.framework in Frameworks */ = {isa = PBXBuildFile; fileRef = 54C4C11F17FDA4C7006BEAED /* GoogleOpenSource.framework */; };
		54C4C12217FDA5A7006BEAED /* Security.framework in Frameworks */ = {isa = PBXBuildFile; fileRef = 54C4C12117FDA5A7006BEAED /* Security.framework */; };
/* End PBXBuildFile section */

/* Begin PBXContainerItemProxy section */
		54C2082417CD714B006E1A44 /* PBXContainerItemProxy */ = {
			isa = PBXContainerItemProxy;
			containerPortal = 54C207F717CD714B006E1A44 /* Project object */;
			proxyType = 1;
			remoteGlobalIDString = 54C207FE17CD714B006E1A44;
			remoteInfo = PlanB;
		};
/* End PBXContainerItemProxy section */

/* Begin PBXFileReference section */
		54073BCE17F16D6C0092F741 /* FBUserSettingsViewResources.bundle */ = {isa = PBXFileReference; lastKnownFileType = "wrapper.plug-in"; name = FBUserSettingsViewResources.bundle; path = ../Framework/FacebookSDK.framework/Versions/A/Resources/FBUserSettingsViewResources.bundle; sourceTree = "<group>"; };
		54073DE617F182E40092F741 /* FacebookSDK.framework */ = {isa = PBXFileReference; lastKnownFileType = wrapper.framework; name = FacebookSDK.framework; path = ../Framework/FacebookSDK.framework; sourceTree = "<group>"; };
		5423730A1822A7E900A8C656 /* Images.xcassets */ = {isa = PBXFileReference; lastKnownFileType = folder.assetcatalog; name = Images.xcassets; path = PlanB/Images.xcassets; sourceTree = "<group>"; };
		542373321824BCC000A8C656 /* Util.h */ = {isa = PBXFileReference; fileEncoding = 4; lastKnownFileType = sourcecode.c.h; path = Util.h; sourceTree = "<group>"; };
		542373331824BCC000A8C656 /* Util.m */ = {isa = PBXFileReference; fileEncoding = 4; lastKnownFileType = sourcecode.c.objc; path = Util.m; sourceTree = "<group>"; };
		542373341824BCC000A8C656 /* VariableStore.h */ = {isa = PBXFileReference; fileEncoding = 4; lastKnownFileType = sourcecode.c.h; path = VariableStore.h; sourceTree = "<group>"; };
		542373351824BCC000A8C656 /* VariableStore.m */ = {isa = PBXFileReference; fileEncoding = 4; lastKnownFileType = sourcecode.c.objc; path = VariableStore.m; sourceTree = "<group>"; };
		542373371824BCC000A8C656 /* UIDefaultTextField.h */ = {isa = PBXFileReference; fileEncoding = 4; lastKnownFileType = sourcecode.c.h; path = UIDefaultTextField.h; sourceTree = "<group>"; };
		542373381824BCC000A8C656 /* UIDefaultTextField.m */ = {isa = PBXFileReference; fileEncoding = 4; lastKnownFileType = sourcecode.c.objc; path = UIDefaultTextField.m; sourceTree = "<group>"; };
		542373391824BCC000A8C656 /* UIPlaceButton.h */ = {isa = PBXFileReference; fileEncoding = 4; lastKnownFileType = sourcecode.c.h; path = UIPlaceButton.h; sourceTree = "<group>"; };
		5423733A1824BCC000A8C656 /* UIPlaceButton.m */ = {isa = PBXFileReference; fileEncoding = 4; lastKnownFileType = sourcecode.c.objc; path = UIPlaceButton.m; sourceTree = "<group>"; };
		5423733B1824BCC000A8C656 /* VCCenter.h */ = {isa = PBXFileReference; fileEncoding = 4; lastKnownFileType = sourcecode.c.h; path = VCCenter.h; sourceTree = "<group>"; };
		5423733C1824BCC000A8C656 /* VCCenter.m */ = {isa = PBXFileReference; fileEncoding = 4; lastKnownFileType = sourcecode.c.objc; path = VCCenter.m; sourceTree = "<group>"; };
		5423733D1824BCC000A8C656 /* VCDetail.h */ = {isa = PBXFileReference; fileEncoding = 4; lastKnownFileType = sourcecode.c.h; path = VCDetail.h; sourceTree = "<group>"; };
		5423733E1824BCC000A8C656 /* VCDetail.m */ = {isa = PBXFileReference; fileEncoding = 4; lastKnownFileType = sourcecode.c.objc; path = VCDetail.m; sourceTree = "<group>"; };
		5423733F1824BCC000A8C656 /* VCGoodsList.h */ = {isa = PBXFileReference; fileEncoding = 4; lastKnownFileType = sourcecode.c.h; path = VCGoodsList.h; sourceTree = "<group>"; };
		542373401824BCC000A8C656 /* VCGoodsList.m */ = {isa = PBXFileReference; fileEncoding = 4; lastKnownFileType = sourcecode.c.objc; path = VCGoodsList.m; sourceTree = "<group>"; };
		542373411824BCC000A8C656 /* VCList.h */ = {isa = PBXFileReference; fileEncoding = 4; lastKnownFileType = sourcecode.c.h; path = VCList.h; sourceTree = "<group>"; };
		542373421824BCC000A8C656 /* VCList.m */ = {isa = PBXFileReference; fileEncoding = 4; lastKnownFileType = sourcecode.c.objc; path = VCList.m; sourceTree = "<group>"; };
		542373431824BCC000A8C656 /* VCProfile.h */ = {isa = PBXFileReference; fileEncoding = 4; lastKnownFileType = sourcecode.c.h; path = VCProfile.h; sourceTree = "<group>"; };
		542373441824BCC000A8C656 /* VCProfile.m */ = {isa = PBXFileReference; fileEncoding = 4; lastKnownFileType = sourcecode.c.objc; path = VCProfile.m; sourceTree = "<group>"; };
		542373451824BCC000A8C656 /* VCRoot.h */ = {isa = PBXFileReference; fileEncoding = 4; lastKnownFileType = sourcecode.c.h; path = VCRoot.h; sourceTree = "<group>"; };
		542373461824BCC000A8C656 /* VCRoot.m */ = {isa = PBXFileReference; fileEncoding = 4; lastKnownFileType = sourcecode.c.objc; path = VCRoot.m; sourceTree = "<group>"; };
		542373471824BCC000A8C656 /* VCMap.h */ = {isa = PBXFileReference; fileEncoding = 4; lastKnownFileType = sourcecode.c.h; path = VCMap.h; sourceTree = "<group>"; };
		542373481824BCC000A8C656 /* VCMap.m */ = {isa = PBXFileReference; fileEncoding = 4; lastKnownFileType = sourcecode.c.objc; path = VCMap.m; sourceTree = "<group>"; };
		542373491824BCC000A8C656 /* GPS.gpx */ = {isa = PBXFileReference; fileEncoding = 4; lastKnownFileType = text.xml; path = GPS.gpx; sourceTree = "<group>"; };
		5423734C1824BCC000A8C656 /* DYRateView.h */ = {isa = PBXFileReference; fileEncoding = 4; lastKnownFileType = sourcecode.c.h; path = DYRateView.h; sourceTree = "<group>"; };
		5423734D1824BCC000A8C656 /* DYRateView.m */ = {isa = PBXFileReference; fileEncoding = 4; lastKnownFileType = sourcecode.c.objc; path = DYRateView.m; sourceTree = "<group>"; };
		5423734F1824BCC000A8C656 /* JASidePanelController.h */ = {isa = PBXFileReference; fileEncoding = 4; lastKnownFileType = sourcecode.c.h; path = JASidePanelController.h; sourceTree = "<group>"; };
		542373501824BCC000A8C656 /* JASidePanelController.m */ = {isa = PBXFileReference; fileEncoding = 4; lastKnownFileType = sourcecode.c.objc; path = JASidePanelController.m; sourceTree = "<group>"; };
		542373511824BCC000A8C656 /* UIViewController+JASidePanel.h */ = {isa = PBXFileReference; fileEncoding = 4; lastKnownFileType = sourcecode.c.h; path = "UIViewController+JASidePanel.h"; sourceTree = "<group>"; };
		542373521824BCC000A8C656 /* UIViewController+JASidePanel.m */ = {isa = PBXFileReference; fileEncoding = 4; lastKnownFileType = sourcecode.c.objc; path = "UIViewController+JASidePanel.m"; sourceTree = "<group>"; };
		542373641824BCCD00A8C656 /* fb-login.png */ = {isa = PBXFileReference; lastKnownFileType = image.png; path = "fb-login.png"; sourceTree = "<group>"; };
		542373651824BCCD00A8C656 /* google-login.png */ = {isa = PBXFileReference; lastKnownFileType = image.png; path = "google-login.png"; sourceTree = "<group>"; };
		542373661824BCCD00A8C656 /* pin.png */ = {isa = PBXFileReference; lastKnownFileType = image.png; path = pin.png; sourceTree = "<group>"; };
		542373671824BCCD00A8C656 /* soda.png */ = {isa = PBXFileReference; lastKnownFileType = image.png; path = soda.png; sourceTree = "<group>"; };
		542373681824BCCD00A8C656 /* StarEmpty.png */ = {isa = PBXFileReference; lastKnownFileType = image.png; path = StarEmpty.png; sourceTree = "<group>"; };
		542373691824BCCD00A8C656 /* StarEmpty@2x.png */ = {isa = PBXFileReference; lastKnownFileType = image.png; path = "StarEmpty@2x.png"; sourceTree = "<group>"; };
		5423736A1824BCCD00A8C656 /* StarEmptyLarge.png */ = {isa = PBXFileReference; lastKnownFileType = image.png; path = StarEmptyLarge.png; sourceTree = "<group>"; };
		5423736B1824BCCD00A8C656 /* StarEmptyLarge@2x.png */ = {isa = PBXFileReference; lastKnownFileType = image.png; path = "StarEmptyLarge@2x.png"; sourceTree = "<group>"; };
		5423736C1824BCCD00A8C656 /* StarFull.png */ = {isa = PBXFileReference; lastKnownFileType = image.png; path = StarFull.png; sourceTree = "<group>"; };
		5423736D1824BCCD00A8C656 /* StarFull@2x.png */ = {isa = PBXFileReference; lastKnownFileType = image.png; path = "StarFull@2x.png"; sourceTree = "<group>"; };
		5423736E1824BCCD00A8C656 /* StarFullLarge.png */ = {isa = PBXFileReference; lastKnownFileType = image.png; path = StarFullLarge.png; sourceTree = "<group>"; };
		5423736F1824BCCD00A8C656 /* StarFullLarge@2x.png */ = {isa = PBXFileReference; lastKnownFileType = image.png; path = "StarFullLarge@2x.png"; sourceTree = "<group>"; };
		5423737C1824BD0600A8C656 /* PopupView.h */ = {isa = PBXFileReference; fileEncoding = 4; lastKnownFileType = sourcecode.c.h; path = PopupView.h; sourceTree = "<group>"; };
		5423737D1824BD0600A8C656 /* PopupView.m */ = {isa = PBXFileReference; fileEncoding = 4; lastKnownFileType = sourcecode.c.objc; path = PopupView.m; sourceTree = "<group>"; };
		542373821826338E00A8C656 /* AsyncImgView.h */ = {isa = PBXFileReference; fileEncoding = 4; lastKnownFileType = sourcecode.c.h; path = AsyncImgView.h; sourceTree = "<group>"; };
		542373831826338E00A8C656 /* AsyncImgView.m */ = {isa = PBXFileReference; fileEncoding = 4; lastKnownFileType = sourcecode.c.objc; path = AsyncImgView.m; sourceTree = "<group>"; };
		54265E781862F68B0083D413 /* Nav-btn.png */ = {isa = PBXFileReference; lastKnownFileType = image.png; path = "Nav-btn.png"; sourceTree = "<group>"; };
		54265E791862F68B0083D413 /* pre-btn.png */ = {isa = PBXFileReference; lastKnownFileType = image.png; path = "pre-btn.png"; sourceTree = "<group>"; };
		54265E7A1862F68B0083D413 /* next-btn.png */ = {isa = PBXFileReference; lastKnownFileType = image.png; path = "next-btn.png"; sourceTree = "<group>"; };
		54265E7E186320620083D413 /* PlanB.xcodeproj */ = {isa = PBXFileReference; lastKnownFileType = "wrapper.pb-project"; path = PlanB.xcodeproj; sourceTree = "<group>"; };
		54265E811863206E0083D413 /* GoogleMaps.framework */ = {isa = PBXFileReference; lastKnownFileType = wrapper.framework; name = GoogleMaps.framework; path = ../Framework/GoogleMaps.framework; sourceTree = "<group>"; };
		54265E83186321160083D413 /* GoogleMaps.bundle */ = {isa = PBXFileReference; lastKnownFileType = "wrapper.plug-in"; name = GoogleMaps.bundle; path = ../Framework/GoogleMaps.framework/Versions/A/Resources/GoogleMaps.bundle; sourceTree = "<group>"; };
		5453BF2C17DD927100B811BC /* QuartzCore.framework */ = {isa = PBXFileReference; lastKnownFileType = wrapper.framework; name = QuartzCore.framework; path = System/Library/Frameworks/QuartzCore.framework; sourceTree = SDKROOT; };
		5453C10417DE097000B811BC /* AVFoundation.framework */ = {isa = PBXFileReference; lastKnownFileType = wrapper.framework; name = AVFoundation.framework; path = System/Library/Frameworks/AVFoundation.framework; sourceTree = SDKROOT; };
		5453C10617DE097800B811BC /* CoreData.framework */ = {isa = PBXFileReference; lastKnownFileType = wrapper.framework; name = CoreData.framework; path = System/Library/Frameworks/CoreData.framework; sourceTree = SDKROOT; };
		5453C10817DE098200B811BC /* CoreLocation.framework */ = {isa = PBXFileReference; lastKnownFileType = wrapper.framework; name = CoreLocation.framework; path = System/Library/Frameworks/CoreLocation.framework; sourceTree = SDKROOT; };
		5453C10A17DE098B00B811BC /* CoreText.framework */ = {isa = PBXFileReference; lastKnownFileType = wrapper.framework; name = CoreText.framework; path = System/Library/Frameworks/CoreText.framework; sourceTree = SDKROOT; };
		5453C10C17DE099500B811BC /* GLKit.framework */ = {isa = PBXFileReference; lastKnownFileType = wrapper.framework; name = GLKit.framework; path = System/Library/Frameworks/GLKit.framework; sourceTree = SDKROOT; };
		5453C10E17DE099C00B811BC /* ImageIO.framework */ = {isa = PBXFileReference; lastKnownFileType = wrapper.framework; name = ImageIO.framework; path = System/Library/Frameworks/ImageIO.framework; sourceTree = SDKROOT; };
		5453C11017DE09A800B811BC /* libc++.dylib */ = {isa = PBXFileReference; lastKnownFileType = "compiled.mach-o.dylib"; name = "libc++.dylib"; path = "usr/lib/libc++.dylib"; sourceTree = SDKROOT; };
		5453C11217DE09B600B811BC /* libicucore.dylib */ = {isa = PBXFileReference; lastKnownFileType = "compiled.mach-o.dylib"; name = libicucore.dylib; path = usr/lib/libicucore.dylib; sourceTree = SDKROOT; };
		5453C11417DE09C600B811BC /* OpenGLES.framework */ = {isa = PBXFileReference; lastKnownFileType = wrapper.framework; name = OpenGLES.framework; path = System/Library/Frameworks/OpenGLES.framework; sourceTree = SDKROOT; };
		5453C11617DE09D300B811BC /* SystemConfiguration.framework */ = {isa = PBXFileReference; lastKnownFileType = wrapper.framework; name = SystemConfiguration.framework; path = System/Library/Frameworks/SystemConfiguration.framework; sourceTree = SDKROOT; };
		5453C11817DE12BF00B811BC /* libstdc++.dylib */ = {isa = PBXFileReference; lastKnownFileType = "compiled.mach-o.dylib"; name = "libstdc++.dylib"; path = "usr/lib/libstdc++.dylib"; sourceTree = SDKROOT; };
		5453C11A17DE19D700B811BC /* crt1.o */ = {isa = PBXFileReference; lastKnownFileType = "compiled.mach-o.objfile"; name = crt1.o; path = usr/lib/crt1.o; sourceTree = SDKROOT; };
		5453C11C17DE19E200B811BC /* libz.dylib */ = {isa = PBXFileReference; lastKnownFileType = "compiled.mach-o.dylib"; name = libz.dylib; path = usr/lib/libz.dylib; sourceTree = SDKROOT; };
		546E0B051831A8B400E8815D /* UIPlaceItemButton.h */ = {isa = PBXFileReference; fileEncoding = 4; lastKnownFileType = sourcecode.c.h; path = UIPlaceItemButton.h; sourceTree = "<group>"; };
		546E0B061831A8B400E8815D /* UIPlaceItemButton.m */ = {isa = PBXFileReference; fileEncoding = 4; lastKnownFileType = sourcecode.c.objc; path = UIPlaceItemButton.m; sourceTree = "<group>"; };
		546E0B081832F88400E8815D /* icon-search.jpg */ = {isa = PBXFileReference; lastKnownFileType = image.jpeg; path = "icon-search.jpg"; sourceTree = "<group>"; };
		546E0B0A1832F8D200E8815D /* icon-rest.jpg */ = {isa = PBXFileReference; lastKnownFileType = image.jpeg; path = "icon-rest.jpg"; sourceTree = "<group>"; };
		547F9660182FC7800065B51E /* SingleStartView.h */ = {isa = PBXFileReference; fileEncoding = 4; lastKnownFileType = sourcecode.c.h; path = SingleStartView.h; sourceTree = "<group>"; };
		547F9661182FC7800065B51E /* SingleStartView.m */ = {isa = PBXFileReference; fileEncoding = 4; lastKnownFileType = sourcecode.c.objc; path = SingleStartView.m; sourceTree = "<group>"; };
		5484FA2D1833B9D40057510D /* PlaceCategoryButton.h */ = {isa = PBXFileReference; fileEncoding = 4; lastKnownFileType = sourcecode.c.h; path = PlaceCategoryButton.h; sourceTree = "<group>"; };
		5484FA2E1833B9D40057510D /* PlaceCategoryButton.m */ = {isa = PBXFileReference; fileEncoding = 4; lastKnownFileType = sourcecode.c.objc; path = PlaceCategoryButton.m; sourceTree = "<group>"; };
		5484FA301833BCF60057510D /* cate-atm.png */ = {isa = PBXFileReference; lastKnownFileType = image.png; path = "cate-atm.png"; sourceTree = "<group>"; };
		5484FA311833BCF60057510D /* cate-attraction.png */ = {isa = PBXFileReference; lastKnownFileType = image.png; path = "cate-attraction.png"; sourceTree = "<group>"; };
		5484FA321833BCF60057510D /* cate-cafe.png */ = {isa = PBXFileReference; lastKnownFileType = image.png; path = "cate-cafe.png"; sourceTree = "<group>"; };
		5484FA331833BCF60057510D /* cate-hotel.png */ = {isa = PBXFileReference; lastKnownFileType = image.png; path = "cate-hotel.png"; sourceTree = "<group>"; };
		5484FA341833BCF60057510D /* cate-rest.png */ = {isa = PBXFileReference; lastKnownFileType = image.png; path = "cate-rest.png"; sourceTree = "<group>"; };
		5484FA351833BCF60057510D /* cate-search.png */ = {isa = PBXFileReference; lastKnownFileType = image.png; path = "cate-search.png"; sourceTree = "<group>"; };
		5484FA3E183E08860057510D /* loading.gif */ = {isa = PBXFileReference; lastKnownFileType = image.gif; path = loading.gif; sourceTree = "<group>"; };
		5484FA44183E38340057510D /* arrow.png */ = {isa = PBXFileReference; lastKnownFileType = image.png; path = arrow.png; sourceTree = "<group>"; };
		5484FA49183E599B0057510D /* AnimatedGif.h */ = {isa = PBXFileReference; fileEncoding = 4; lastKnownFileType = sourcecode.c.h; path = AnimatedGif.h; sourceTree = "<group>"; };
		5484FA4A183E599B0057510D /* AnimatedGif.m */ = {isa = PBXFileReference; fileEncoding = 4; lastKnownFileType = sourcecode.c.objc; path = AnimatedGif.m; sourceTree = "<group>"; };
		5484FA4D183FB9210057510D /* UIScrollPlaceListView.h */ = {isa = PBXFileReference; fileEncoding = 4; lastKnownFileType = sourcecode.c.h; path = UIScrollPlaceListView.h; sourceTree = "<group>"; };
		5484FA4E183FB9210057510D /* UIScrollPlaceListView.m */ = {isa = PBXFileReference; fileEncoding = 4; lastKnownFileType = sourcecode.c.objc; path = UIScrollPlaceListView.m; sourceTree = "<group>"; };
		5484FA50184129810057510D /* UIAsyncLabel.h */ = {isa = PBXFileReference; fileEncoding = 4; lastKnownFileType = sourcecode.c.h; path = UIAsyncLabel.h; sourceTree = "<group>"; };
		5484FA51184129810057510D /* UIAsyncLabel.m */ = {isa = PBXFileReference; fileEncoding = 4; lastKnownFileType = sourcecode.c.objc; path = UIAsyncLabel.m; sourceTree = "<group>"; };
		5484FA561844D9520057510D /* tourist-attraction-gray-640x320.png */ = {isa = PBXFileReference; lastKnownFileType = image.png; path = "tourist-attraction-gray-640x320.png"; sourceTree = "<group>"; };
		5484FA571844D9520057510D /* restaurants-gray-640x320.png */ = {isa = PBXFileReference; lastKnownFileType = image.png; path = "restaurants-gray-640x320.png"; sourceTree = "<group>"; };
		5484FA581844D9520057510D /* hotel-gray-640x320.png */ = {isa = PBXFileReference; lastKnownFileType = image.png; path = "hotel-gray-640x320.png"; sourceTree = "<group>"; };
		5484FA591844D9520057510D /* coffee-gray-640x320.png */ = {isa = PBXFileReference; lastKnownFileType = image.png; path = "coffee-gray-640x320.png"; sourceTree = "<group>"; };
		5484FA5A1844D9520057510D /* atm-gray-640x320.png */ = {isa = PBXFileReference; lastKnownFileType = image.png; path = "atm-gray-640x320.png"; sourceTree = "<group>"; };
		54C207FF17CD714B006E1A44 /* planb.app */ = {isa = PBXFileReference; explicitFileType = wrapper.application; includeInIndex = 0; path = planb.app; sourceTree = BUILT_PRODUCTS_DIR; };
		54C2080217CD714B006E1A44 /* UIKit.framework */ = {isa = PBXFileReference; lastKnownFileType = wrapper.framework; name = UIKit.framework; path = System/Library/Frameworks/UIKit.framework; sourceTree = SDKROOT; };
		54C2080417CD714B006E1A44 /* Foundation.framework */ = {isa = PBXFileReference; lastKnownFileType = wrapper.framework; name = Foundation.framework; path = System/Library/Frameworks/Foundation.framework; sourceTree = SDKROOT; };
		54C2080617CD714B006E1A44 /* CoreGraphics.framework */ = {isa = PBXFileReference; lastKnownFileType = wrapper.framework; name = CoreGraphics.framework; path = System/Library/Frameworks/CoreGraphics.framework; sourceTree = SDKROOT; };
		54C2080A17CD714B006E1A44 /* PlanB-Info.plist */ = {isa = PBXFileReference; lastKnownFileType = text.plist.xml; path = "PlanB-Info.plist"; sourceTree = "<group>"; };
		54C2080C17CD714B006E1A44 /* en */ = {isa = PBXFileReference; lastKnownFileType = text.plist.strings; name = en; path = en.lproj/InfoPlist.strings; sourceTree = "<group>"; };
		54C2080E17CD714B006E1A44 /* main.m */ = {isa = PBXFileReference; lastKnownFileType = sourcecode.c.objc; path = main.m; sourceTree = "<group>"; };
		54C2081017CD714B006E1A44 /* PlanB-Prefix.pch */ = {isa = PBXFileReference; lastKnownFileType = sourcecode.c.h; path = "PlanB-Prefix.pch"; sourceTree = "<group>"; };
		54C2081117CD714B006E1A44 /* AppDelegate.h */ = {isa = PBXFileReference; lastKnownFileType = sourcecode.c.h; path = AppDelegate.h; sourceTree = "<group>"; };
		54C2081217CD714B006E1A44 /* AppDelegate.m */ = {isa = PBXFileReference; lastKnownFileType = sourcecode.c.objc; path = AppDelegate.m; sourceTree = "<group>"; };
		54C2081417CD714B006E1A44 /* Default.png */ = {isa = PBXFileReference; lastKnownFileType = image.png; path = Default.png; sourceTree = "<group>"; };
		54C2081617CD714B006E1A44 /* Default@2x.png */ = {isa = PBXFileReference; lastKnownFileType = image.png; path = "Default@2x.png"; sourceTree = "<group>"; };
		54C2081817CD714B006E1A44 /* Default-568h@2x.png */ = {isa = PBXFileReference; lastKnownFileType = image.png; path = "Default-568h@2x.png"; sourceTree = "<group>"; };
		54C2081F17CD714B006E1A44 /* PlanBTests.octest */ = {isa = PBXFileReference; explicitFileType = wrapper.cfbundle; includeInIndex = 0; path = PlanBTests.octest; sourceTree = BUILT_PRODUCTS_DIR; };
		54C2082017CD714B006E1A44 /* SenTestingKit.framework */ = {isa = PBXFileReference; lastKnownFileType = wrapper.framework; name = SenTestingKit.framework; path = Library/Frameworks/SenTestingKit.framework; sourceTree = DEVELOPER_DIR; };
		54C2082817CD714B006E1A44 /* PlanBTests-Info.plist */ = {isa = PBXFileReference; lastKnownFileType = text.plist.xml; path = "PlanBTests-Info.plist"; sourceTree = "<group>"; };
		54C2082A17CD714B006E1A44 /* en */ = {isa = PBXFileReference; lastKnownFileType = text.plist.strings; name = en; path = en.lproj/InfoPlist.strings; sourceTree = "<group>"; };
		54C2082C17CD714B006E1A44 /* PlanBTests.h */ = {isa = PBXFileReference; lastKnownFileType = sourcecode.c.h; path = PlanBTests.h; sourceTree = "<group>"; };
		54C2082D17CD714B006E1A44 /* PlanBTests.m */ = {isa = PBXFileReference; lastKnownFileType = sourcecode.c.objc; path = PlanBTests.m; sourceTree = "<group>"; };
		54C2083717CD71B7006E1A44 /* Storyboard.storyboard */ = {isa = PBXFileReference; fileEncoding = 4; lastKnownFileType = file.storyboard; path = Storyboard.storyboard; sourceTree = "<group>"; };
		54C4C11D17FDA477006BEAED /* GooglePlus.framework */ = {isa = PBXFileReference; lastKnownFileType = wrapper.framework; name = GooglePlus.framework; path = ../Framework/GooglePlus.framework; sourceTree = "<group>"; };
		54C4C11F17FDA4C7006BEAED /* GoogleOpenSource.framework */ = {isa = PBXFileReference; lastKnownFileType = wrapper.framework; name = GoogleOpenSource.framework; path = ../Framework/GoogleOpenSource.framework; sourceTree = "<group>"; };
		54C4C12117FDA5A7006BEAED /* Security.framework */ = {isa = PBXFileReference; lastKnownFileType = wrapper.framework; name = Security.framework; path = System/Library/Frameworks/Security.framework; sourceTree = SDKROOT; };
/* End PBXFileReference section */

/* Begin PBXFrameworksBuildPhase section */
		54C207FC17CD714B006E1A44 /* Frameworks */ = {
			isa = PBXFrameworksBuildPhase;
			buildActionMask = 2147483647;
			files = (
				54265E821863206E0083D413 /* GoogleMaps.framework in Frameworks */,
				5484FA4C183FA0840057510D /* libc++.dylib in Frameworks */,
				54C2080517CD714B006E1A44 /* Foundation.framework in Frameworks */,
				54C4C12217FDA5A7006BEAED /* Security.framework in Frameworks */,
				54C4C12017FDA4C7006BEAED /* GoogleOpenSource.framework in Frameworks */,
				54C4C11E17FDA477006BEAED /* GooglePlus.framework in Frameworks */,
				54073DE717F182E40092F741 /* FacebookSDK.framework in Frameworks */,
				5453C11D17DE19E200B811BC /* libz.dylib in Frameworks */,
				5453C11717DE09D400B811BC /* SystemConfiguration.framework in Frameworks */,
				5453BF2D17DD927100B811BC /* QuartzCore.framework in Frameworks */,
				5453C11517DE09C600B811BC /* OpenGLES.framework in Frameworks */,
				5453C11317DE09B600B811BC /* libicucore.dylib in Frameworks */,
				54C2080317CD714B006E1A44 /* UIKit.framework in Frameworks */,
				5453C10F17DE099C00B811BC /* ImageIO.framework in Frameworks */,
				5453C10D17DE099500B811BC /* GLKit.framework in Frameworks */,
				5453C10B17DE098B00B811BC /* CoreText.framework in Frameworks */,
				5453C10917DE098200B811BC /* CoreLocation.framework in Frameworks */,
				5453C10717DE097800B811BC /* CoreData.framework in Frameworks */,
				5453C10517DE097100B811BC /* AVFoundation.framework in Frameworks */,
				54C2080717CD714B006E1A44 /* CoreGraphics.framework in Frameworks */,
			);
			runOnlyForDeploymentPostprocessing = 0;
		};
		54C2081B17CD714B006E1A44 /* Frameworks */ = {
			isa = PBXFrameworksBuildPhase;
			buildActionMask = 2147483647;
			files = (
				54C2082117CD714B006E1A44 /* SenTestingKit.framework in Frameworks */,
				54C2082217CD714B006E1A44 /* UIKit.framework in Frameworks */,
				54C2082317CD714B006E1A44 /* Foundation.framework in Frameworks */,
			);
			runOnlyForDeploymentPostprocessing = 0;
		};
/* End PBXFrameworksBuildPhase section */

/* Begin PBXGroup section */
		5423732E1824BCC000A8C656 /* src */ = {
			isa = PBXGroup;
			children = (
				5423732F1824BCC000A8C656 /* com */,
				542373491824BCC000A8C656 /* GPS.gpx */,
				5423734A1824BCC000A8C656 /* idv */,
			);
			path = src;
			sourceTree = "<group>";
		};
		5423732F1824BCC000A8C656 /* com */ = {
			isa = PBXGroup;
			children = (
				542373301824BCC000A8C656 /* planb */,
			);
			path = com;
			sourceTree = "<group>";
		};
		542373301824BCC000A8C656 /* planb */ = {
			isa = PBXGroup;
			children = (
				542373311824BCC000A8C656 /* libs */,
				542373361824BCC000A8C656 /* soda */,
			);
			path = planb;
			sourceTree = "<group>";
		};
		542373311824BCC000A8C656 /* libs */ = {
			isa = PBXGroup;
			children = (
				542373321824BCC000A8C656 /* Util.h */,
				542373331824BCC000A8C656 /* Util.m */,
				542373341824BCC000A8C656 /* VariableStore.h */,
				542373351824BCC000A8C656 /* VariableStore.m */,
				5423737C1824BD0600A8C656 /* PopupView.h */,
				5423737D1824BD0600A8C656 /* PopupView.m */,
				542373821826338E00A8C656 /* AsyncImgView.h */,
				542373831826338E00A8C656 /* AsyncImgView.m */,
				547F9660182FC7800065B51E /* SingleStartView.h */,
				547F9661182FC7800065B51E /* SingleStartView.m */,
				5484FA50184129810057510D /* UIAsyncLabel.h */,
				5484FA51184129810057510D /* UIAsyncLabel.m */,
			);
			path = libs;
			sourceTree = "<group>";
		};
		542373361824BCC000A8C656 /* soda */ = {
			isa = PBXGroup;
			children = (
				542373371824BCC000A8C656 /* UIDefaultTextField.h */,
				542373381824BCC000A8C656 /* UIDefaultTextField.m */,
				542373391824BCC000A8C656 /* UIPlaceButton.h */,
				5423733A1824BCC000A8C656 /* UIPlaceButton.m */,
				5423733B1824BCC000A8C656 /* VCCenter.h */,
				5423733C1824BCC000A8C656 /* VCCenter.m */,
				5423733D1824BCC000A8C656 /* VCDetail.h */,
				5423733E1824BCC000A8C656 /* VCDetail.m */,
				5423733F1824BCC000A8C656 /* VCGoodsList.h */,
				542373401824BCC000A8C656 /* VCGoodsList.m */,
				542373411824BCC000A8C656 /* VCList.h */,
				542373421824BCC000A8C656 /* VCList.m */,
				542373431824BCC000A8C656 /* VCProfile.h */,
				542373441824BCC000A8C656 /* VCProfile.m */,
				542373451824BCC000A8C656 /* VCRoot.h */,
				542373461824BCC000A8C656 /* VCRoot.m */,
				542373471824BCC000A8C656 /* VCMap.h */,
				542373481824BCC000A8C656 /* VCMap.m */,
				546E0B051831A8B400E8815D /* UIPlaceItemButton.h */,
				546E0B061831A8B400E8815D /* UIPlaceItemButton.m */,
				5484FA2D1833B9D40057510D /* PlaceCategoryButton.h */,
				5484FA2E1833B9D40057510D /* PlaceCategoryButton.m */,
				5484FA4D183FB9210057510D /* UIScrollPlaceListView.h */,
				5484FA4E183FB9210057510D /* UIScrollPlaceListView.m */,
			);
			path = soda;
			sourceTree = "<group>";
		};
		5423734A1824BCC000A8C656 /* idv */ = {
			isa = PBXGroup;
			children = (
				5484FA48183E599B0057510D /* arturogutierrez */,
				5423734B1824BCC000A8C656 /* dyang */,
				5423734E1824BCC000A8C656 /* gotosleep */,
			);
			path = idv;
			sourceTree = "<group>";
		};
		5423734B1824BCC000A8C656 /* dyang */ = {
			isa = PBXGroup;
			children = (
				5423734C1824BCC000A8C656 /* DYRateView.h */,
				5423734D1824BCC000A8C656 /* DYRateView.m */,
			);
			path = dyang;
			sourceTree = "<group>";
		};
		5423734E1824BCC000A8C656 /* gotosleep */ = {
			isa = PBXGroup;
			children = (
				5423734F1824BCC000A8C656 /* JASidePanelController.h */,
				542373501824BCC000A8C656 /* JASidePanelController.m */,
				542373511824BCC000A8C656 /* UIViewController+JASidePanel.h */,
				542373521824BCC000A8C656 /* UIViewController+JASidePanel.m */,
			);
			path = gotosleep;
			sourceTree = "<group>";
		};
		542373621824BCCD00A8C656 /* res */ = {
			isa = PBXGroup;
			children = (
				542373631824BCCD00A8C656 /* img */,
			);
			path = res;
			sourceTree = "<group>";
		};
		542373631824BCCD00A8C656 /* img */ = {
			isa = PBXGroup;
			children = (
				54265E781862F68B0083D413 /* Nav-btn.png */,
				54265E791862F68B0083D413 /* pre-btn.png */,
				54265E7A1862F68B0083D413 /* next-btn.png */,
				5484FA561844D9520057510D /* tourist-attraction-gray-640x320.png */,
				5484FA571844D9520057510D /* restaurants-gray-640x320.png */,
				5484FA581844D9520057510D /* hotel-gray-640x320.png */,
				5484FA591844D9520057510D /* coffee-gray-640x320.png */,
				5484FA5A1844D9520057510D /* atm-gray-640x320.png */,
				5484FA44183E38340057510D /* arrow.png */,
				5484FA3E183E08860057510D /* loading.gif */,
				5484FA301833BCF60057510D /* cate-atm.png */,
				5484FA311833BCF60057510D /* cate-attraction.png */,
				5484FA321833BCF60057510D /* cate-cafe.png */,
				5484FA331833BCF60057510D /* cate-hotel.png */,
				5484FA341833BCF60057510D /* cate-rest.png */,
				5484FA351833BCF60057510D /* cate-search.png */,
				546E0B0A1832F8D200E8815D /* icon-rest.jpg */,
				546E0B081832F88400E8815D /* icon-search.jpg */,
				542373641824BCCD00A8C656 /* fb-login.png */,
				542373651824BCCD00A8C656 /* google-login.png */,
				542373661824BCCD00A8C656 /* pin.png */,
				542373671824BCCD00A8C656 /* soda.png */,
				542373681824BCCD00A8C656 /* StarEmpty.png */,
				542373691824BCCD00A8C656 /* StarEmpty@2x.png */,
				5423736A1824BCCD00A8C656 /* StarEmptyLarge.png */,
				5423736B1824BCCD00A8C656 /* StarEmptyLarge@2x.png */,
				5423736C1824BCCD00A8C656 /* StarFull.png */,
				5423736D1824BCCD00A8C656 /* StarFull@2x.png */,
				5423736E1824BCCD00A8C656 /* StarFullLarge.png */,
				5423736F1824BCCD00A8C656 /* StarFullLarge@2x.png */,
			);
			path = img;
			sourceTree = "<group>";
		};
		54265E7F186320620083D413 /* Products */ = {
			isa = PBXGroup;
			name = Products;
			sourceTree = "<group>";
		};
		5484FA48183E599B0057510D /* arturogutierrez */ = {
			isa = PBXGroup;
			children = (
				5484FA49183E599B0057510D /* AnimatedGif.h */,
				5484FA4A183E599B0057510D /* AnimatedGif.m */,
			);
			path = arturogutierrez;
			sourceTree = "<group>";
		};
		54C207F617CD714B006E1A44 = {
			isa = PBXGroup;
			children = (
				5423730A1822A7E900A8C656 /* Images.xcassets */,
				5453C11A17DE19D700B811BC /* crt1.o */,
				54C2080817CD714B006E1A44 /* Soda */,
				54C2082617CD714B006E1A44 /* PlanBTests */,
				54C2080017CD714B006E1A44 /* Products */,
				54C2080117CD714B006E1A44 /* Frameworks */,
			);
			sourceTree = "<group>";
		};
		54C2080017CD714B006E1A44 /* Products */ = {
			isa = PBXGroup;
			children = (
				54C207FF17CD714B006E1A44 /* planb.app */,
				54C2081F17CD714B006E1A44 /* PlanBTests.octest */,
			);
			name = Products;
			sourceTree = "<group>";
		};
		54C2080117CD714B006E1A44 /* Frameworks */ = {
			isa = PBXGroup;
			children = (
				54265E83186321160083D413 /* GoogleMaps.bundle */,
				54265E811863206E0083D413 /* GoogleMaps.framework */,
				54265E7E186320620083D413 /* PlanB.xcodeproj */,
				54C4C12117FDA5A7006BEAED /* Security.framework */,
				54C4C11F17FDA4C7006BEAED /* GoogleOpenSource.framework */,
				54C4C11D17FDA477006BEAED /* GooglePlus.framework */,
				54073DE617F182E40092F741 /* FacebookSDK.framework */,
				54073BCE17F16D6C0092F741 /* FBUserSettingsViewResources.bundle */,
				5453C11C17DE19E200B811BC /* libz.dylib */,
				5453C11817DE12BF00B811BC /* libstdc++.dylib */,
				5453C11617DE09D300B811BC /* SystemConfiguration.framework */,
				5453C11417DE09C600B811BC /* OpenGLES.framework */,
				5453C11217DE09B600B811BC /* libicucore.dylib */,
				5453C11017DE09A800B811BC /* libc++.dylib */,
				5453C10E17DE099C00B811BC /* ImageIO.framework */,
				5453C10C17DE099500B811BC /* GLKit.framework */,
				5453C10A17DE098B00B811BC /* CoreText.framework */,
				5453C10817DE098200B811BC /* CoreLocation.framework */,
				5453C10617DE097800B811BC /* CoreData.framework */,
				5453C10417DE097000B811BC /* AVFoundation.framework */,
				5453BF2C17DD927100B811BC /* QuartzCore.framework */,
				54C2080217CD714B006E1A44 /* UIKit.framework */,
				54C2080417CD714B006E1A44 /* Foundation.framework */,
				54C2080617CD714B006E1A44 /* CoreGraphics.framework */,
				54C2082017CD714B006E1A44 /* SenTestingKit.framework */,
			);
			name = Frameworks;
			sourceTree = "<group>";
		};
		54C2080817CD714B006E1A44 /* Soda */ = {
			isa = PBXGroup;
			children = (
				542373621824BCCD00A8C656 /* res */,
				5423732E1824BCC000A8C656 /* src */,
				54C2081117CD714B006E1A44 /* AppDelegate.h */,
				54C2081217CD714B006E1A44 /* AppDelegate.m */,
				54C2080917CD714B006E1A44 /* Supporting Files */,
				54C2083717CD71B7006E1A44 /* Storyboard.storyboard */,
			);
			name = Soda;
			path = PlanB;
			sourceTree = "<group>";
		};
		54C2080917CD714B006E1A44 /* Supporting Files */ = {
			isa = PBXGroup;
			children = (
				54C2080A17CD714B006E1A44 /* PlanB-Info.plist */,
				54C2080B17CD714B006E1A44 /* InfoPlist.strings */,
				54C2080E17CD714B006E1A44 /* main.m */,
				54C2081017CD714B006E1A44 /* PlanB-Prefix.pch */,
				54C2081417CD714B006E1A44 /* Default.png */,
				54C2081617CD714B006E1A44 /* Default@2x.png */,
				54C2081817CD714B006E1A44 /* Default-568h@2x.png */,
			);
			name = "Supporting Files";
			sourceTree = "<group>";
		};
		54C2082617CD714B006E1A44 /* PlanBTests */ = {
			isa = PBXGroup;
			children = (
				54C2082C17CD714B006E1A44 /* PlanBTests.h */,
				54C2082D17CD714B006E1A44 /* PlanBTests.m */,
				54C2082717CD714B006E1A44 /* Supporting Files */,
			);
			path = PlanBTests;
			sourceTree = "<group>";
		};
		54C2082717CD714B006E1A44 /* Supporting Files */ = {
			isa = PBXGroup;
			children = (
				54C2082817CD714B006E1A44 /* PlanBTests-Info.plist */,
				54C2082917CD714B006E1A44 /* InfoPlist.strings */,
			);
			name = "Supporting Files";
			sourceTree = "<group>";
		};
/* End PBXGroup section */

/* Begin PBXNativeTarget section */
		54C207FE17CD714B006E1A44 /* PlanB */ = {
			isa = PBXNativeTarget;
			buildConfigurationList = 54C2083117CD714B006E1A44 /* Build configuration list for PBXNativeTarget "PlanB" */;
			buildPhases = (
				54C207FB17CD714B006E1A44 /* Sources */,
				54C207FC17CD714B006E1A44 /* Frameworks */,
				54C207FD17CD714B006E1A44 /* Resources */,
			);
			buildRules = (
			);
			dependencies = (
			);
			name = PlanB;
			productName = PlanB;
			productReference = 54C207FF17CD714B006E1A44 /* planb.app */;
			productType = "com.apple.product-type.application";
		};
		54C2081E17CD714B006E1A44 /* PlanBTests */ = {
			isa = PBXNativeTarget;
			buildConfigurationList = 54C2083417CD714B006E1A44 /* Build configuration list for PBXNativeTarget "PlanBTests" */;
			buildPhases = (
				54C2081A17CD714B006E1A44 /* Sources */,
				54C2081B17CD714B006E1A44 /* Frameworks */,
				54C2081C17CD714B006E1A44 /* Resources */,
				54C2081D17CD714B006E1A44 /* ShellScript */,
			);
			buildRules = (
			);
			dependencies = (
				54C2082517CD714B006E1A44 /* PBXTargetDependency */,
			);
			name = PlanBTests;
			productName = PlanBTests;
			productReference = 54C2081F17CD714B006E1A44 /* PlanBTests.octest */;
			productType = "com.apple.product-type.bundle";
		};
/* End PBXNativeTarget section */

/* Begin PBXProject section */
		54C207F717CD714B006E1A44 /* Project object */ = {
			isa = PBXProject;
			attributes = {
				LastUpgradeCheck = 0500;
				ORGANIZATIONNAME = "Po-Hsiang Hunag";
				TargetAttributes = {
					54C207FE17CD714B006E1A44 = {
						DevelopmentTeam = WFDMZHCR6C;
					};
					54C2081E17CD714B006E1A44 = {
						TestTargetID = 54C207FE17CD714B006E1A44;
					};
				};
			};
			buildConfigurationList = 54C207FA17CD714B006E1A44 /* Build configuration list for PBXProject "PlanB" */;
			compatibilityVersion = "Xcode 3.2";
			developmentRegion = English;
			hasScannedForEncodings = 0;
			knownRegions = (
				en,
			);
			mainGroup = 54C207F617CD714B006E1A44;
			productRefGroup = 54C2080017CD714B006E1A44 /* Products */;
			projectDirPath = "";
			projectReferences = (
				{
					ProductGroup = 54265E7F186320620083D413 /* Products */;
					ProjectRef = 54265E7E186320620083D413 /* PlanB.xcodeproj */;
				},
			);
			projectRoot = "";
			targets = (
				54C207FE17CD714B006E1A44 /* PlanB */,
				54C2081E17CD714B006E1A44 /* PlanBTests */,
			);
		};
/* End PBXProject section */

/* Begin PBXResourcesBuildPhase section */
		54C207FD17CD714B006E1A44 /* Resources */ = {
			isa = PBXResourcesBuildPhase;
			buildActionMask = 2147483647;
			files = (
				54265E7B1862F68B0083D413 /* Nav-btn.png in Resources */,
				5423737A1824BCCD00A8C656 /* StarFullLarge.png in Resources */,
				5484FA371833BCF60057510D /* cate-attraction.png in Resources */,
				54C2080D17CD714B006E1A44 /* InfoPlist.strings in Resources */,
				54C2081517CD714B006E1A44 /* Default.png in Resources */,
				5484FA3A1833BCF60057510D /* cate-rest.png in Resources */,
				54265E84186321160083D413 /* GoogleMaps.bundle in Resources */,
				5484FA3B1833BCF60057510D /* cate-search.png in Resources */,
				542373751824BCCD00A8C656 /* StarEmpty@2x.png in Resources */,
				546E0B091832F88400E8815D /* icon-search.jpg in Resources */,
				54C2081717CD714B006E1A44 /* Default@2x.png in Resources */,
				5484FA5F1844D9520057510D /* atm-gray-640x320.png in Resources */,
				54265E7D1862F68B0083D413 /* next-btn.png in Resources */,
				5423737B1824BCCD00A8C656 /* StarFullLarge@2x.png in Resources */,
				542373701824BCCD00A8C656 /* fb-login.png in Resources */,
				542373711824BCCD00A8C656 /* google-login.png in Resources */,
				542373741824BCCD00A8C656 /* StarEmpty.png in Resources */,
				5484FA45183E38340057510D /* arrow.png in Resources */,
				542373731824BCCD00A8C656 /* soda.png in Resources */,
				5423735E1824BCC000A8C656 /* GPS.gpx in Resources */,
				542373761824BCCD00A8C656 /* StarEmptyLarge.png in Resources */,
				5484FA3F183E08860057510D /* loading.gif in Resources */,
				542373791824BCCD00A8C656 /* StarFull@2x.png in Resources */,
				54C2081917CD714B006E1A44 /* Default-568h@2x.png in Resources */,
				54265E7C1862F68B0083D413 /* pre-btn.png in Resources */,
				54C2083817CD71B7006E1A44 /* Storyboard.storyboard in Resources */,
				5423730B1822A7E900A8C656 /* Images.xcassets in Resources */,
				5484FA391833BCF60057510D /* cate-hotel.png in Resources */,
				542373721824BCCD00A8C656 /* pin.png in Resources */,
				5484FA5C1844D9520057510D /* restaurants-gray-640x320.png in Resources */,
				5484FA5D1844D9520057510D /* hotel-gray-640x320.png in Resources */,
				5484FA5E1844D9520057510D /* coffee-gray-640x320.png in Resources */,
				5484FA381833BCF60057510D /* cate-cafe.png in Resources */,
				542373781824BCCD00A8C656 /* StarFull.png in Resources */,
				5484FA5B1844D9520057510D /* tourist-attraction-gray-640x320.png in Resources */,
				5484FA361833BCF60057510D /* cate-atm.png in Resources */,
				546E0B0B1832F8D200E8815D /* icon-rest.jpg in Resources */,
				54073BCF17F16D6C0092F741 /* FBUserSettingsViewResources.bundle in Resources */,
				542373771824BCCD00A8C656 /* StarEmptyLarge@2x.png in Resources */,
			);
			runOnlyForDeploymentPostprocessing = 0;
		};
		54C2081C17CD714B006E1A44 /* Resources */ = {
			isa = PBXResourcesBuildPhase;
			buildActionMask = 2147483647;
			files = (
				54C2082B17CD714B006E1A44 /* InfoPlist.strings in Resources */,
			);
			runOnlyForDeploymentPostprocessing = 0;
		};
/* End PBXResourcesBuildPhase section */

/* Begin PBXShellScriptBuildPhase section */
		54C2081D17CD714B006E1A44 /* ShellScript */ = {
			isa = PBXShellScriptBuildPhase;
			buildActionMask = 2147483647;
			files = (
			);
			inputPaths = (
			);
			outputPaths = (
			);
			runOnlyForDeploymentPostprocessing = 0;
			shellPath = /bin/sh;
			shellScript = "# Run the unit tests in this test bundle.\n\"${SYSTEM_DEVELOPER_DIR}/Tools/RunUnitTests\"\n";
		};
/* End PBXShellScriptBuildPhase section */

/* Begin PBXSourcesBuildPhase section */
		54C207FB17CD714B006E1A44 /* Sources */ = {
			isa = PBXSourcesBuildPhase;
			buildActionMask = 2147483647;
			files = (
				546E0B071831A8B400E8815D /* UIPlaceItemButton.m in Sources */,
				5423735C1824BCC000A8C656 /* VCRoot.m in Sources */,
				542373611824BCC000A8C656 /* UIViewController+JASidePanel.m in Sources */,
				542373571824BCC000A8C656 /* VCCenter.m in Sources */,
				542373591824BCC000A8C656 /* VCGoodsList.m in Sources */,
				542373581824BCC000A8C656 /* VCDetail.m in Sources */,
				542373551824BCC000A8C656 /* UIDefaultTextField.m in Sources */,
				5484FA2F1833B9D40057510D /* PlaceCategoryButton.m in Sources */,
				5423735D1824BCC000A8C656 /* VCMap.m in Sources */,
				5484FA4B183E599B0057510D /* AnimatedGif.m in Sources */,
				5484FA4F183FB9210057510D /* UIScrollPlaceListView.m in Sources */,
				5423735A1824BCC000A8C656 /* VCList.m in Sources */,
				542373561824BCC000A8C656 /* UIPlaceButton.m in Sources */,
				5484FA52184129810057510D /* UIAsyncLabel.m in Sources */,
				54C2080F17CD714B006E1A44 /* main.m in Sources */,
				542373541824BCC000A8C656 /* VariableStore.m in Sources */,
				542373841826338E00A8C656 /* AsyncImgView.m in Sources */,
				5423735B1824BCC000A8C656 /* VCProfile.m in Sources */,
				542373601824BCC000A8C656 /* JASidePanelController.m in Sources */,
				547F9662182FC7800065B51E /* SingleStartView.m in Sources */,
				54C2081317CD714B006E1A44 /* AppDelegate.m in Sources */,
				5423737E1824BD0600A8C656 /* PopupView.m in Sources */,
				542373531824BCC000A8C656 /* Util.m in Sources */,
				5423735F1824BCC000A8C656 /* DYRateView.m in Sources */,
			);
			runOnlyForDeploymentPostprocessing = 0;
		};
		54C2081A17CD714B006E1A44 /* Sources */ = {
			isa = PBXSourcesBuildPhase;
			buildActionMask = 2147483647;
			files = (
				54C2082E17CD714B006E1A44 /* PlanBTests.m in Sources */,
			);
			runOnlyForDeploymentPostprocessing = 0;
		};
/* End PBXSourcesBuildPhase section */

/* Begin PBXTargetDependency section */
		54C2082517CD714B006E1A44 /* PBXTargetDependency */ = {
			isa = PBXTargetDependency;
			target = 54C207FE17CD714B006E1A44 /* PlanB */;
			targetProxy = 54C2082417CD714B006E1A44 /* PBXContainerItemProxy */;
		};
/* End PBXTargetDependency section */

/* Begin PBXVariantGroup section */
		54C2080B17CD714B006E1A44 /* InfoPlist.strings */ = {
			isa = PBXVariantGroup;
			children = (
				54C2080C17CD714B006E1A44 /* en */,
			);
			name = InfoPlist.strings;
			sourceTree = "<group>";
		};
		54C2082917CD714B006E1A44 /* InfoPlist.strings */ = {
			isa = PBXVariantGroup;
			children = (
				54C2082A17CD714B006E1A44 /* en */,
			);
			name = InfoPlist.strings;
			sourceTree = "<group>";
		};
/* End PBXVariantGroup section */

/* Begin XCBuildConfiguration section */
		54C2082F17CD714B006E1A44 /* Debug */ = {
			isa = XCBuildConfiguration;
			buildSettings = {
				ALWAYS_SEARCH_USER_PATHS = NO;
				CLANG_CXX_LANGUAGE_STANDARD = "gnu++0x";
				CLANG_CXX_LIBRARY = "libc++";
				CLANG_ENABLE_OBJC_ARC = YES;
				CLANG_WARN_CONSTANT_CONVERSION = "$(CLANG_WARN_SUSPICIOUS_IMPLICIT_CONVERSION)";
				CLANG_WARN_EMPTY_BODY = YES;
				CLANG_WARN_ENUM_CONVERSION = "$(CLANG_WARN_SUSPICIOUS_IMPLICIT_CONVERSION)";
				CLANG_WARN_INT_CONVERSION = "$(CLANG_WARN_SUSPICIOUS_IMPLICIT_CONVERSION)";
				CLANG_WARN__DUPLICATE_METHOD_MATCH = YES;
				"CODE_SIGN_IDENTITY[sdk=iphoneos*]" = "iPhone Developer";
				COPY_PHASE_STRIP = NO;
				GCC_C_LANGUAGE_STANDARD = gnu99;
				GCC_DYNAMIC_NO_PIC = NO;
				GCC_OPTIMIZATION_LEVEL = 0;
				GCC_PREPROCESSOR_DEFINITIONS = (
					"DEBUG=1",
					"$(inherited)",
				);
				GCC_SYMBOLS_PRIVATE_EXTERN = NO;
				GCC_WARN_ABOUT_RETURN_TYPE = YES;
				GCC_WARN_UNINITIALIZED_AUTOS = YES;
				GCC_WARN_UNUSED_VARIABLE = YES;
				IPHONEOS_DEPLOYMENT_TARGET = 7.0;
				ONLY_ACTIVE_ARCH = YES;
				OTHER_LDFLAGS = "";
				SDKROOT = iphoneos;
				TARGETED_DEVICE_FAMILY = "1,2";
			};
			name = Debug;
		};
		54C2083017CD714B006E1A44 /* Release */ = {
			isa = XCBuildConfiguration;
			buildSettings = {
				ALWAYS_SEARCH_USER_PATHS = NO;
				CLANG_CXX_LANGUAGE_STANDARD = "gnu++0x";
				CLANG_CXX_LIBRARY = "libc++";
				CLANG_ENABLE_OBJC_ARC = YES;
				CLANG_WARN_CONSTANT_CONVERSION = "$(CLANG_WARN_SUSPICIOUS_IMPLICIT_CONVERSION)";
				CLANG_WARN_EMPTY_BODY = YES;
				CLANG_WARN_ENUM_CONVERSION = "$(CLANG_WARN_SUSPICIOUS_IMPLICIT_CONVERSION)";
				CLANG_WARN_INT_CONVERSION = "$(CLANG_WARN_SUSPICIOUS_IMPLICIT_CONVERSION)";
				CLANG_WARN__DUPLICATE_METHOD_MATCH = YES;
				"CODE_SIGN_IDENTITY[sdk=iphoneos*]" = "iPhone Developer";
				COPY_PHASE_STRIP = YES;
				GCC_C_LANGUAGE_STANDARD = gnu99;
				GCC_WARN_ABOUT_RETURN_TYPE = YES;
				GCC_WARN_UNINITIALIZED_AUTOS = YES;
				GCC_WARN_UNUSED_VARIABLE = YES;
				IPHONEOS_DEPLOYMENT_TARGET = 7.0;
				ONLY_ACTIVE_ARCH = NO;
				OTHER_CFLAGS = "-DNS_BLOCK_ASSERTIONS=1";
				OTHER_LDFLAGS = "";
				SDKROOT = iphoneos;
				TARGETED_DEVICE_FAMILY = "1,2";
				VALIDATE_PRODUCT = YES;
			};
			name = Release;
		};
		54C2083217CD714B006E1A44 /* Debug */ = {
			isa = XCBuildConfiguration;
			buildSettings = {
				ARCHS = "$(ARCHS_STANDARD)";
				ASSETCATALOG_COMPILER_APPICON_NAME = AppIcon;
				ASSETCATALOG_COMPILER_LAUNCHIMAGE_NAME = LaunchImage;
				CODE_SIGN_IDENTITY = "iPhone Developer";
				"CODE_SIGN_IDENTITY[sdk=iphoneos*]" = "iPhone Developer";
				FRAMEWORK_SEARCH_PATHS = (
					"$(inherited)",
					"\\\"$(SRCROOT)/../Framework\\\"",
					"/Users/po-hsianghunag/Project/Framework",
				);
				GCC_PRECOMPILE_PREFIX_HEADER = YES;
				GCC_PREFIX_HEADER = "PlanB/PlanB-Prefix.pch";
				INFOPLIST_FILE = "PlanB/PlanB-Info.plist";
				IPHONEOS_DEPLOYMENT_TARGET = 7.0;
				ONLY_ACTIVE_ARCH = NO;
				OTHER_LDFLAGS = (
					"-ObjC",
					"-all_load",
				);
				PRODUCT_NAME = planb;
				PROVISIONING_PROFILE = "";
				SEPARATE_STRIP = NO;
				TARGETED_DEVICE_FAMILY = 1;
				VALID_ARCHS = "arm64 armv7";
				WRAPPER_EXTENSION = app;
			};
			name = Debug;
		};
		54C2083317CD714B006E1A44 /* Release */ = {
			isa = XCBuildConfiguration;
			buildSettings = {
				ARCHS = "$(ARCHS_STANDARD)";
				ASSETCATALOG_COMPILER_APPICON_NAME = AppIcon;
				ASSETCATALOG_COMPILER_LAUNCHIMAGE_NAME = LaunchImage;
				CODE_SIGN_IDENTITY = "iPhone Developer";
				"CODE_SIGN_IDENTITY[sdk=iphoneos*]" = "iPhone Developer";
				FRAMEWORK_SEARCH_PATHS = (
					"$(inherited)",
					"\\\"$(SRCROOT)/../Framework\\\"",
					"/Users/po-hsianghunag/Project/Framework",
				);
				GCC_PRECOMPILE_PREFIX_HEADER = YES;
				GCC_PREFIX_HEADER = "PlanB/PlanB-Prefix.pch";
				INFOPLIST_FILE = "PlanB/PlanB-Info.plist";
				IPHONEOS_DEPLOYMENT_TARGET = 7.0;
				ONLY_ACTIVE_ARCH = NO;
				OTHER_LDFLAGS = (
					"-ObjC",
					"-all_load",
				);
				PRODUCT_NAME = planb;
				PROVISIONING_PROFILE = "";
				SEPARATE_STRIP = NO;
				TARGETED_DEVICE_FAMILY = 1;
				VALID_ARCHS = "arm64 armv7";
				WRAPPER_EXTENSION = app;
			};
			name = Release;
		};
		54C2083517CD714B006E1A44 /* Debug */ = {
			isa = XCBuildConfiguration;
			buildSettings = {
				BUNDLE_LOADER = "$(BUILT_PRODUCTS_DIR)/soda.app/soda";
				FRAMEWORK_SEARCH_PATHS = (
					"\"$(SDKROOT)/Developer/Library/Frameworks\"",
					"\"$(DEVELOPER_LIBRARY_DIR)/Frameworks\"",
				);
				GCC_PRECOMPILE_PREFIX_HEADER = YES;
				GCC_PREFIX_HEADER = "PlanB/PlanB-Prefix.pch";
				INFOPLIST_FILE = "PlanBTests/PlanBTests-Info.plist";
				OTHER_LDFLAGS = "";
				PRODUCT_NAME = "$(TARGET_NAME)";
				TEST_HOST = "$(BUNDLE_LOADER)";
				WRAPPER_EXTENSION = octest;
			};
			name = Debug;
		};
		54C2083617CD714B006E1A44 /* Release */ = {
			isa = XCBuildConfiguration;
			buildSettings = {
				BUNDLE_LOADER = "$(BUILT_PRODUCTS_DIR)/soda.app/soda";
				FRAMEWORK_SEARCH_PATHS = (
					"\"$(SDKROOT)/Developer/Library/Frameworks\"",
					"\"$(DEVELOPER_LIBRARY_DIR)/Frameworks\"",
				);
				GCC_PRECOMPILE_PREFIX_HEADER = YES;
				GCC_PREFIX_HEADER = "PlanB/PlanB-Prefix.pch";
				INFOPLIST_FILE = "PlanBTests/PlanBTests-Info.plist";
				OTHER_LDFLAGS = "";
				PRODUCT_NAME = "$(TARGET_NAME)";
				TEST_HOST = "$(BUNDLE_LOADER)";
				WRAPPER_EXTENSION = octest;
			};
			name = Release;
		};
/* End XCBuildConfiguration section */

/* Begin XCConfigurationList section */
		54C207FA17CD714B006E1A44 /* Build configuration list for PBXProject "PlanB" */ = {
			isa = XCConfigurationList;
			buildConfigurations = (
				54C2082F17CD714B006E1A44 /* Debug */,
				54C2083017CD714B006E1A44 /* Release */,
			);
			defaultConfigurationIsVisible = 0;
			defaultConfigurationName = Release;
		};
		54C2083117CD714B006E1A44 /* Build configuration list for PBXNativeTarget "PlanB" */ = {
			isa = XCConfigurationList;
			buildConfigurations = (
				54C2083217CD714B006E1A44 /* Debug */,
				54C2083317CD714B006E1A44 /* Release */,
			);
			defaultConfigurationIsVisible = 0;
			defaultConfigurationName = Release;
		};
		54C2083417CD714B006E1A44 /* Build configuration list for PBXNativeTarget "PlanBTests" */ = {
			isa = XCConfigurationList;
			buildConfigurations = (
				54C2083517CD714B006E1A44 /* Debug */,
				54C2083617CD714B006E1A44 /* Release */,
			);
			defaultConfigurationIsVisible = 0;
			defaultConfigurationName = Release;
		};
/* End XCConfigurationList section */
	};
	rootObject = 54C207F717CD714B006E1A44 /* Project object */;
}
